// !$*UTF8*$!
{
	archiveVersion = 1;
	classes = {
	};
	objectVersion = 56;
	objects = {

/* Begin PBXBuildFile section */
		369178D1E8B297BE0D796C1F /* Pods_EAguilarEcommerceVenta.framework in Frameworks */ = {isa = PBXBuildFile; fileRef = 2E9EFA98A387A2CA48CF06B3 /* Pods_EAguilarEcommerceVenta.framework */; };
		3D97D67909AD83DDA70DD312 /* Pods_EAguilarEcommerce.framework in Frameworks */ = {isa = PBXBuildFile; fileRef = 8C0C519E57185B5B92BCA645 /* Pods_EAguilarEcommerce.framework */; };
		F90A28D72A14308D00958F7A /* ProductoViewModel.swift in Sources */ = {isa = PBXBuildFile; fileRef = F90A28D62A14308D00958F7A /* ProductoViewModel.swift */; };
		F90A28D92A14312700958F7A /* Area.swift in Sources */ = {isa = PBXBuildFile; fileRef = F90A28D82A14312700958F7A /* Area.swift */; };
		F90A28DB2A14313D00958F7A /* Departamento.swift in Sources */ = {isa = PBXBuildFile; fileRef = F90A28DA2A14313D00958F7A /* Departamento.swift */; };
		F90A28DD2A14315100958F7A /* Proveedor.swift in Sources */ = {isa = PBXBuildFile; fileRef = F90A28DC2A14315100958F7A /* Proveedor.swift */; };
		F90A28DF2A14315E00958F7A /* Producto.swift in Sources */ = {isa = PBXBuildFile; fileRef = F90A28DE2A14315E00958F7A /* Producto.swift */; };
		F90AF5772A1BFDD5005B10D2 /* ProveedorViewModel.swift in Sources */ = {isa = PBXBuildFile; fileRef = F90AF5762A1BFDD5005B10D2 /* ProveedorViewModel.swift */; };
		F90AF5792A1BFE4A005B10D2 /* DepartamentoViewModel.swift in Sources */ = {isa = PBXBuildFile; fileRef = F90AF5782A1BFE4A005B10D2 /* DepartamentoViewModel.swift */; };
		F90AF57B2A1BFEAD005B10D2 /* AreaViewModel.swift in Sources */ = {isa = PBXBuildFile; fileRef = F90AF57A2A1BFEAD005B10D2 /* AreaViewModel.swift */; };
		F9200F942A1538A2007E2FEA /* ProductoCell.swift in Sources */ = {isa = PBXBuildFile; fileRef = F9200F922A1538A2007E2FEA /* ProductoCell.swift */; };
		F9200F952A1538A2007E2FEA /* ProductoCell.xib in Resources */ = {isa = PBXBuildFile; fileRef = F9200F932A1538A2007E2FEA /* ProductoCell.xib */; };
		F9200FA02A15425D007E2FEA /* ProductoGetAllController.swift in Sources */ = {isa = PBXBuildFile; fileRef = F9200F9F2A15425D007E2FEA /* ProductoGetAllController.swift */; };
		F9200FA22A1544E6007E2FEA /* ProductoFormController.swift in Sources */ = {isa = PBXBuildFile; fileRef = F9200FA12A1544E6007E2FEA /* ProductoFormController.swift */; };
		F92B45622A1FF0220084697F /* FirebaseAuth in Frameworks */ = {isa = PBXBuildFile; productRef = F92B45612A1FF0220084697F /* FirebaseAuth */; };
		F92B45642A1FF0220084697F /* FirebaseCrashlytics in Frameworks */ = {isa = PBXBuildFile; productRef = F92B45632A1FF0220084697F /* FirebaseCrashlytics */; };
		F92B45662A1FF0220084697F /* FirebaseStorage in Frameworks */ = {isa = PBXBuildFile; productRef = F92B45652A1FF0220084697F /* FirebaseStorage */; };
		F92B456E2A1FF10E0084697F /* AppDelegate.swift in Sources */ = {isa = PBXBuildFile; fileRef = F92B456D2A1FF10E0084697F /* AppDelegate.swift */; };
		F92B45702A1FF10E0084697F /* SceneDelegate.swift in Sources */ = {isa = PBXBuildFile; fileRef = F92B456F2A1FF10E0084697F /* SceneDelegate.swift */; };
		F92B45752A1FF10E0084697F /* Main.storyboard in Resources */ = {isa = PBXBuildFile; fileRef = F92B45732A1FF10E0084697F /* Main.storyboard */; };
		F92B45772A1FF10F0084697F /* Assets.xcassets in Resources */ = {isa = PBXBuildFile; fileRef = F92B45762A1FF10F0084697F /* Assets.xcassets */; };
		F92B457A2A1FF10F0084697F /* LaunchScreen.storyboard in Resources */ = {isa = PBXBuildFile; fileRef = F92B45782A1FF10F0084697F /* LaunchScreen.storyboard */; };
		F92B457F2A1FF1400084697F /* DBManager.swift in Sources */ = {isa = PBXBuildFile; fileRef = F95A52B729FC56A800F8C4B2 /* DBManager.swift */; };
		F92B45802A1FF1400084697F /* UsuarioViewModel.swift in Sources */ = {isa = PBXBuildFile; fileRef = F97032322A04396F001157C5 /* UsuarioViewModel.swift */; };
		F92B45812A1FF1400084697F /* RolViewModel.swift in Sources */ = {isa = PBXBuildFile; fileRef = F9E07F362A0B0BD00036A638 /* RolViewModel.swift */; };
		F92B45822A1FF1400084697F /* ProductoViewModel.swift in Sources */ = {isa = PBXBuildFile; fileRef = F90A28D62A14308D00958F7A /* ProductoViewModel.swift */; };
		F92B45832A1FF1400084697F /* ProveedorViewModel.swift in Sources */ = {isa = PBXBuildFile; fileRef = F90AF5762A1BFDD5005B10D2 /* ProveedorViewModel.swift */; };
		F92B45842A1FF1400084697F /* DepartamentoViewModel.swift in Sources */ = {isa = PBXBuildFile; fileRef = F90AF5782A1BFE4A005B10D2 /* DepartamentoViewModel.swift */; };
		F92B45852A1FF1400084697F /* AreaViewModel.swift in Sources */ = {isa = PBXBuildFile; fileRef = F90AF57A2A1BFEAD005B10D2 /* AreaViewModel.swift */; };
		F92B45862A1FF1400084697F /* Usuario.swift in Sources */ = {isa = PBXBuildFile; fileRef = F95A52B929FC56CD00F8C4B2 /* Usuario.swift */; };
		F92B45872A1FF1400084697F /* Result.swift in Sources */ = {isa = PBXBuildFile; fileRef = F93FA5002A01DC090058E3AD /* Result.swift */; };
		F92B45882A1FF1400084697F /* Rol.swift in Sources */ = {isa = PBXBuildFile; fileRef = F9E07F302A0B08EE0036A638 /* Rol.swift */; };
		F92B45892A1FF1400084697F /* Area.swift in Sources */ = {isa = PBXBuildFile; fileRef = F90A28D82A14312700958F7A /* Area.swift */; };
		F92B458A2A1FF1400084697F /* Departamento.swift in Sources */ = {isa = PBXBuildFile; fileRef = F90A28DA2A14313D00958F7A /* Departamento.swift */; };
		F92B458B2A1FF1400084697F /* Proveedor.swift in Sources */ = {isa = PBXBuildFile; fileRef = F90A28DC2A14315100958F7A /* Proveedor.swift */; };
		F92B458C2A1FF1400084697F /* Producto.swift in Sources */ = {isa = PBXBuildFile; fileRef = F90A28DE2A14315E00958F7A /* Producto.swift */; };
		F92B459C2A2037290084697F /* AreaGetAllControllerController.swift in Sources */ = {isa = PBXBuildFile; fileRef = F92B459B2A2037290084697F /* AreaGetAllControllerController.swift */; };
		F93FA5012A01DC090058E3AD /* Result.swift in Sources */ = {isa = PBXBuildFile; fileRef = F93FA5002A01DC090058E3AD /* Result.swift */; };
		F948909E2A180CCD006CAE75 /* GoogleService-Info.plist in Resources */ = {isa = PBXBuildFile; fileRef = F948909D2A180CCD006CAE75 /* GoogleService-Info.plist */; };
		F94890B02A181F99006CAE75 /* LoginController.swift in Sources */ = {isa = PBXBuildFile; fileRef = F94890AF2A181F99006CAE75 /* LoginController.swift */; };
		F94A44C42A2576220009419B /* ProductoCollectionCell.swift in Sources */ = {isa = PBXBuildFile; fileRef = F94A44C22A2576220009419B /* ProductoCollectionCell.swift */; };
		F94A44C52A2576220009419B /* ProductoCollectionCell.xib in Resources */ = {isa = PBXBuildFile; fileRef = F94A44C32A2576220009419B /* ProductoCollectionCell.xib */; };
		F94C3B9B2A214D53003C87A4 /* CarritoViewModel.swift in Sources */ = {isa = PBXBuildFile; fileRef = F94C3B9A2A214D53003C87A4 /* CarritoViewModel.swift */; };
		F94C3BA02A2165E3003C87A4 /* CarritoCell.swift in Sources */ = {isa = PBXBuildFile; fileRef = F94C3B9E2A2165E3003C87A4 /* CarritoCell.swift */; };
		F94C3BA12A2165E3003C87A4 /* CarritoCell.xib in Resources */ = {isa = PBXBuildFile; fileRef = F94C3B9F2A2165E3003C87A4 /* CarritoCell.xib */; };
		F95401442A25075E00E4A476 /* VentaProductos.swift in Sources */ = {isa = PBXBuildFile; fileRef = F95401432A25075E00E4A476 /* VentaProductos.swift */; };
		F954014B2A250F0600E4A476 /* CarritoGetAllController.swift in Sources */ = {isa = PBXBuildFile; fileRef = F954014A2A250F0600E4A476 /* CarritoGetAllController.swift */; };
		F95A52B829FC56A800F8C4B2 /* DBManager.swift in Sources */ = {isa = PBXBuildFile; fileRef = F95A52B729FC56A800F8C4B2 /* DBManager.swift */; };
		F95A52BA29FC56CD00F8C4B2 /* Usuario.swift in Sources */ = {isa = PBXBuildFile; fileRef = F95A52B929FC56CD00F8C4B2 /* Usuario.swift */; };
		F9641C5F2A0D5A3900F20C3C /* RolFormController.swift in Sources */ = {isa = PBXBuildFile; fileRef = F9641C5E2A0D5A3900F20C3C /* RolFormController.swift */; };
		F964D0822A266588002552D2 /* CarritoCell.swift in Sources */ = {isa = PBXBuildFile; fileRef = F964D0802A266588002552D2 /* CarritoCell.swift */; };
		F964D0832A266588002552D2 /* CarritoCell.xib in Resources */ = {isa = PBXBuildFile; fileRef = F964D0812A266588002552D2 /* CarritoCell.xib */; };
		F964D0842A2670FA002552D2 /* GoogleService-Info.plist in Sources */ = {isa = PBXBuildFile; fileRef = F948909D2A180CCD006CAE75 /* GoogleService-Info.plist */; };
		F964D0882A2674A7002552D2 /* FirebaseAuth in Frameworks */ = {isa = PBXBuildFile; productRef = F964D0872A2674A7002552D2 /* FirebaseAuth */; };
		F964D08A2A2674A7002552D2 /* FirebaseCrashlytics in Frameworks */ = {isa = PBXBuildFile; productRef = F964D0892A2674A7002552D2 /* FirebaseCrashlytics */; };
		F964D08C2A2674A7002552D2 /* FirebaseStorage in Frameworks */ = {isa = PBXBuildFile; productRef = F964D08B2A2674A7002552D2 /* FirebaseStorage */; };
		F964D0942A268B11002552D2 /* EAguilarEcommerceVentaTests.swift in Sources */ = {isa = PBXBuildFile; fileRef = F964D0932A268B11002552D2 /* EAguilarEcommerceVentaTests.swift */; };
		F97032332A04396F001157C5 /* UsuarioViewModel.swift in Sources */ = {isa = PBXBuildFile; fileRef = F97032322A04396F001157C5 /* UsuarioViewModel.swift */; };
		F97899882A03128F001F445F /* GetAllUsuarioController.swift in Sources */ = {isa = PBXBuildFile; fileRef = F97899872A03128F001F445F /* GetAllUsuarioController.swift */; };
		F978998B2A03166D001F445F /* UsuarioCell.swift in Sources */ = {isa = PBXBuildFile; fileRef = F97899892A03166D001F445F /* UsuarioCell.swift */; };
		F978998C2A03166D001F445F /* UsuarioCell.xib in Resources */ = {isa = PBXBuildFile; fileRef = F978998A2A03166D001F445F /* UsuarioCell.xib */; };
		F98206262A1D752600C46BEB /* AreaCell.swift in Sources */ = {isa = PBXBuildFile; fileRef = F98206242A1D752600C46BEB /* AreaCell.swift */; };
		F98206272A1D752600C46BEB /* AreaCell.xib in Resources */ = {isa = PBXBuildFile; fileRef = F98206252A1D752600C46BEB /* AreaCell.xib */; };
		F98206292A1D762200C46BEB /* AreaGetAllController.swift in Sources */ = {isa = PBXBuildFile; fileRef = F98206282A1D762200C46BEB /* AreaGetAllController.swift */; };
		F98405032A1E8B96006BF14B /* DepartamentoGetAllController.swift in Sources */ = {isa = PBXBuildFile; fileRef = F98405022A1E8B96006BF14B /* DepartamentoGetAllController.swift */; };
		F98405052A1EA22A006BF14B /* ProductoCollectionController.swift in Sources */ = {isa = PBXBuildFile; fileRef = F98405042A1EA22A006BF14B /* ProductoCollectionController.swift */; };
		F98405082A1EA2DC006BF14B /* ProductoCollectionCell.swift in Sources */ = {isa = PBXBuildFile; fileRef = F98405062A1EA2DC006BF14B /* ProductoCollectionCell.swift */; };
		F98405092A1EA2DC006BF14B /* ProductoCollectionCell.xib in Resources */ = {isa = PBXBuildFile; fileRef = F98405072A1EA2DC006BF14B /* ProductoCollectionCell.xib */; };
		F98C62DA2A1D1F2500C9846C /* RegistroVewController.swift in Sources */ = {isa = PBXBuildFile; fileRef = F98C62D92A1D1F2500C9846C /* RegistroVewController.swift */; };
		F99E217529FB24210053A4CC /* AppDelegate.swift in Sources */ = {isa = PBXBuildFile; fileRef = F99E217429FB24210053A4CC /* AppDelegate.swift */; };
		F99E217729FB24210053A4CC /* SceneDelegate.swift in Sources */ = {isa = PBXBuildFile; fileRef = F99E217629FB24210053A4CC /* SceneDelegate.swift */; };
		F99E217929FB24210053A4CC /* FormController.swift in Sources */ = {isa = PBXBuildFile; fileRef = F99E217829FB24210053A4CC /* FormController.swift */; };
		F99E217C29FB24210053A4CC /* Main.storyboard in Resources */ = {isa = PBXBuildFile; fileRef = F99E217A29FB24210053A4CC /* Main.storyboard */; };
		F99E217E29FB24230053A4CC /* Assets.xcassets in Resources */ = {isa = PBXBuildFile; fileRef = F99E217D29FB24230053A4CC /* Assets.xcassets */; };
		F99E218129FB24230053A4CC /* LaunchScreen.storyboard in Resources */ = {isa = PBXBuildFile; fileRef = F99E217F29FB24230053A4CC /* LaunchScreen.storyboard */; };
		F9A6D21F2A268FC600D6387E /* FirebaseAuth in Frameworks */ = {isa = PBXBuildFile; productRef = F9A6D21E2A268FC600D6387E /* FirebaseAuth */; };
		F9A6D2212A268FC600D6387E /* FirebaseCrashlytics in Frameworks */ = {isa = PBXBuildFile; productRef = F9A6D2202A268FC600D6387E /* FirebaseCrashlytics */; };
		F9A6D2232A268FC600D6387E /* FirebaseStorage in Frameworks */ = {isa = PBXBuildFile; productRef = F9A6D2222A268FC600D6387E /* FirebaseStorage */; };
		F9A6D22B2A26C97100D6387E /* EAguilarEcommerceVentaUITests.swift in Sources */ = {isa = PBXBuildFile; fileRef = F9A6D22A2A26C97100D6387E /* EAguilarEcommerceVentaUITests.swift */; };
		F9A6D22D2A26C97100D6387E /* EAguilarEcommerceVentaUITestsLaunchTests.swift in Sources */ = {isa = PBXBuildFile; fileRef = F9A6D22C2A26C97100D6387E /* EAguilarEcommerceVentaUITestsLaunchTests.swift */; };
		F9A6D2362A26C99200D6387E /* FirebaseAuth in Frameworks */ = {isa = PBXBuildFile; productRef = F9A6D2352A26C99200D6387E /* FirebaseAuth */; };
		F9A6D2382A26C99200D6387E /* FirebaseCrashlytics in Frameworks */ = {isa = PBXBuildFile; productRef = F9A6D2372A26C99200D6387E /* FirebaseCrashlytics */; };
		F9A6D23A2A26C99200D6387E /* FirebaseStorage in Frameworks */ = {isa = PBXBuildFile; productRef = F9A6D2392A26C99200D6387E /* FirebaseStorage */; };
		F9B0C7942A2111C6007AC53D /* DepartamentoGetAllController.swift in Sources */ = {isa = PBXBuildFile; fileRef = F9B0C7932A2111C6007AC53D /* DepartamentoGetAllController.swift */; };
		F9B0C7962A2112A7007AC53D /* ProductoGetAllController.swift in Sources */ = {isa = PBXBuildFile; fileRef = F9B0C7952A2112A7007AC53D /* ProductoGetAllController.swift */; };
		F9B0C7992A211383007AC53D /* AreaCell.swift in Sources */ = {isa = PBXBuildFile; fileRef = F9B0C7972A211383007AC53D /* AreaCell.swift */; };
		F9B0C79A2A211383007AC53D /* AreaCell.xib in Resources */ = {isa = PBXBuildFile; fileRef = F9B0C7982A211383007AC53D /* AreaCell.xib */; };
		F9B0C7A02A211B1B007AC53D /* LoginController.swift in Sources */ = {isa = PBXBuildFile; fileRef = F9B0C79F2A211B1A007AC53D /* LoginController.swift */; };
		F9B0C7A22A211B5C007AC53D /* RegistroVewController.swift in Sources */ = {isa = PBXBuildFile; fileRef = F9B0C7A12A211B5C007AC53D /* RegistroVewController.swift */; };
		F9B0C7AE2A211E4F007AC53D /* EAguilarEcommerce.xcdatamodeld in Sources */ = {isa = PBXBuildFile; fileRef = F9B0C7AC2A211E4F007AC53D /* EAguilarEcommerce.xcdatamodeld */; };
		F9E07F312A0B08EE0036A638 /* Rol.swift in Sources */ = {isa = PBXBuildFile; fileRef = F9E07F302A0B08EE0036A638 /* Rol.swift */; };
		F9E07F342A0B09E40036A638 /* RolCell.swift in Sources */ = {isa = PBXBuildFile; fileRef = F9E07F322A0B09E40036A638 /* RolCell.swift */; };
		F9E07F352A0B09E40036A638 /* RolCell.xib in Resources */ = {isa = PBXBuildFile; fileRef = F9E07F332A0B09E40036A638 /* RolCell.xib */; };
		F9E07F372A0B0BD00036A638 /* RolViewModel.swift in Sources */ = {isa = PBXBuildFile; fileRef = F9E07F362A0B0BD00036A638 /* RolViewModel.swift */; };
		F9E07F3E2A0B139C0036A638 /* RolGetAllController.swift in Sources */ = {isa = PBXBuildFile; fileRef = F9E07F3D2A0B139C0036A638 /* RolGetAllController.swift */; };
/* End PBXBuildFile section */

/* Begin PBXContainerItemProxy section */
		F964D0852A26730C002552D2 /* PBXContainerItemProxy */ = {
			isa = PBXContainerItemProxy;
			containerPortal = F99E216929FB24210053A4CC /* Project object */;
			proxyType = 1;
			remoteGlobalIDString = F99E217029FB24210053A4CC;
			remoteInfo = EAguilarEcommerce;
		};
		F964D0952A268B11002552D2 /* PBXContainerItemProxy */ = {
			isa = PBXContainerItemProxy;
			containerPortal = F99E216929FB24210053A4CC /* Project object */;
			proxyType = 1;
			remoteGlobalIDString = F92B456A2A1FF10E0084697F;
			remoteInfo = EAguilarEcommerceVenta;
		};
		F964D09A2A268B22002552D2 /* PBXContainerItemProxy */ = {
			isa = PBXContainerItemProxy;
			containerPortal = F99E216929FB24210053A4CC /* Project object */;
			proxyType = 1;
			remoteGlobalIDString = F99E217029FB24210053A4CC;
			remoteInfo = EAguilarEcommerce;
		};
		F9A6D22E2A26C97100D6387E /* PBXContainerItemProxy */ = {
			isa = PBXContainerItemProxy;
			containerPortal = F99E216929FB24210053A4CC /* Project object */;
			proxyType = 1;
			remoteGlobalIDString = F92B456A2A1FF10E0084697F;
			remoteInfo = EAguilarEcommerceVenta;
		};
		F9A6D2332A26C97C00D6387E /* PBXContainerItemProxy */ = {
			isa = PBXContainerItemProxy;
			containerPortal = F99E216929FB24210053A4CC /* Project object */;
			proxyType = 1;
			remoteGlobalIDString = F99E217029FB24210053A4CC;
			remoteInfo = EAguilarEcommerce;
		};
/* End PBXContainerItemProxy section */

/* Begin PBXFileReference section */
		1100AE095097015F2F59079A /* Pods-EAguilarEcommerce.debug.xcconfig */ = {isa = PBXFileReference; includeInIndex = 1; lastKnownFileType = text.xcconfig; name = "Pods-EAguilarEcommerce.debug.xcconfig"; path = "Target Support Files/Pods-EAguilarEcommerce/Pods-EAguilarEcommerce.debug.xcconfig"; sourceTree = "<group>"; };
		17B046B90860A8658B9B5DCF /* Pods-EAguilarEcommerceVenta.debug.xcconfig */ = {isa = PBXFileReference; includeInIndex = 1; lastKnownFileType = text.xcconfig; name = "Pods-EAguilarEcommerceVenta.debug.xcconfig"; path = "Target Support Files/Pods-EAguilarEcommerceVenta/Pods-EAguilarEcommerceVenta.debug.xcconfig"; sourceTree = "<group>"; };
		2E9EFA98A387A2CA48CF06B3 /* Pods_EAguilarEcommerceVenta.framework */ = {isa = PBXFileReference; explicitFileType = wrapper.framework; includeInIndex = 0; path = Pods_EAguilarEcommerceVenta.framework; sourceTree = BUILT_PRODUCTS_DIR; };
		8C0C519E57185B5B92BCA645 /* Pods_EAguilarEcommerce.framework */ = {isa = PBXFileReference; explicitFileType = wrapper.framework; includeInIndex = 0; path = Pods_EAguilarEcommerce.framework; sourceTree = BUILT_PRODUCTS_DIR; };
		CBE2F41B77E89DE4F6E0E800 /* Pods-EAguilarEcommerceVenta.release.xcconfig */ = {isa = PBXFileReference; includeInIndex = 1; lastKnownFileType = text.xcconfig; name = "Pods-EAguilarEcommerceVenta.release.xcconfig"; path = "Target Support Files/Pods-EAguilarEcommerceVenta/Pods-EAguilarEcommerceVenta.release.xcconfig"; sourceTree = "<group>"; };
		D8A21206F6002A1C3C964EAA /* Pods-EAguilarEcommerce.release.xcconfig */ = {isa = PBXFileReference; includeInIndex = 1; lastKnownFileType = text.xcconfig; name = "Pods-EAguilarEcommerce.release.xcconfig"; path = "Target Support Files/Pods-EAguilarEcommerce/Pods-EAguilarEcommerce.release.xcconfig"; sourceTree = "<group>"; };
		F90A28D62A14308D00958F7A /* ProductoViewModel.swift */ = {isa = PBXFileReference; lastKnownFileType = sourcecode.swift; path = ProductoViewModel.swift; sourceTree = "<group>"; };
		F90A28D82A14312700958F7A /* Area.swift */ = {isa = PBXFileReference; lastKnownFileType = sourcecode.swift; path = Area.swift; sourceTree = "<group>"; };
		F90A28DA2A14313D00958F7A /* Departamento.swift */ = {isa = PBXFileReference; lastKnownFileType = sourcecode.swift; path = Departamento.swift; sourceTree = "<group>"; };
		F90A28DC2A14315100958F7A /* Proveedor.swift */ = {isa = PBXFileReference; lastKnownFileType = sourcecode.swift; path = Proveedor.swift; sourceTree = "<group>"; };
		F90A28DE2A14315E00958F7A /* Producto.swift */ = {isa = PBXFileReference; lastKnownFileType = sourcecode.swift; path = Producto.swift; sourceTree = "<group>"; };
		F90AF5762A1BFDD5005B10D2 /* ProveedorViewModel.swift */ = {isa = PBXFileReference; lastKnownFileType = sourcecode.swift; path = ProveedorViewModel.swift; sourceTree = "<group>"; };
		F90AF5782A1BFE4A005B10D2 /* DepartamentoViewModel.swift */ = {isa = PBXFileReference; lastKnownFileType = sourcecode.swift; path = DepartamentoViewModel.swift; sourceTree = "<group>"; };
		F90AF57A2A1BFEAD005B10D2 /* AreaViewModel.swift */ = {isa = PBXFileReference; lastKnownFileType = sourcecode.swift; path = AreaViewModel.swift; sourceTree = "<group>"; };
		F9200F922A1538A2007E2FEA /* ProductoCell.swift */ = {isa = PBXFileReference; lastKnownFileType = sourcecode.swift; path = ProductoCell.swift; sourceTree = "<group>"; };
		F9200F932A1538A2007E2FEA /* ProductoCell.xib */ = {isa = PBXFileReference; lastKnownFileType = file.xib; path = ProductoCell.xib; sourceTree = "<group>"; };
		F9200F9F2A15425D007E2FEA /* ProductoGetAllController.swift */ = {isa = PBXFileReference; lastKnownFileType = sourcecode.swift; path = ProductoGetAllController.swift; sourceTree = "<group>"; };
		F9200FA12A1544E6007E2FEA /* ProductoFormController.swift */ = {isa = PBXFileReference; lastKnownFileType = sourcecode.swift; path = ProductoFormController.swift; sourceTree = "<group>"; };
		F92B456B2A1FF10E0084697F /* EAguilarEcommerceVenta.app */ = {isa = PBXFileReference; explicitFileType = wrapper.application; includeInIndex = 0; path = EAguilarEcommerceVenta.app; sourceTree = BUILT_PRODUCTS_DIR; };
		F92B456D2A1FF10E0084697F /* AppDelegate.swift */ = {isa = PBXFileReference; lastKnownFileType = sourcecode.swift; path = AppDelegate.swift; sourceTree = "<group>"; };
		F92B456F2A1FF10E0084697F /* SceneDelegate.swift */ = {isa = PBXFileReference; lastKnownFileType = sourcecode.swift; path = SceneDelegate.swift; sourceTree = "<group>"; };
		F92B45742A1FF10E0084697F /* Base */ = {isa = PBXFileReference; lastKnownFileType = file.storyboard; name = Base; path = Base.lproj/Main.storyboard; sourceTree = "<group>"; };
		F92B45762A1FF10F0084697F /* Assets.xcassets */ = {isa = PBXFileReference; lastKnownFileType = folder.assetcatalog; path = Assets.xcassets; sourceTree = "<group>"; };
		F92B45792A1FF10F0084697F /* Base */ = {isa = PBXFileReference; lastKnownFileType = file.storyboard; name = Base; path = Base.lproj/LaunchScreen.storyboard; sourceTree = "<group>"; };
		F92B457B2A1FF10F0084697F /* Info.plist */ = {isa = PBXFileReference; lastKnownFileType = text.plist.xml; path = Info.plist; sourceTree = "<group>"; };
		F92B458E2A1FF1B00084697F /* EAguilarEcommerce.entitlements */ = {isa = PBXFileReference; lastKnownFileType = text.plist.entitlements; path = EAguilarEcommerce.entitlements; sourceTree = "<group>"; };
		F92B458F2A1FF1E70084697F /* EAguilarEcommerceVenta.entitlements */ = {isa = PBXFileReference; lastKnownFileType = text.plist.entitlements; path = EAguilarEcommerceVenta.entitlements; sourceTree = "<group>"; };
		F92B459B2A2037290084697F /* AreaGetAllControllerController.swift */ = {isa = PBXFileReference; lastKnownFileType = sourcecode.swift; path = AreaGetAllControllerController.swift; sourceTree = "<group>"; };
		F93FA5002A01DC090058E3AD /* Result.swift */ = {isa = PBXFileReference; lastKnownFileType = sourcecode.swift; path = Result.swift; sourceTree = "<group>"; };
		F948909D2A180CCD006CAE75 /* GoogleService-Info.plist */ = {isa = PBXFileReference; fileEncoding = 4; lastKnownFileType = text.plist.xml; name = "GoogleService-Info.plist"; path = "../../../../Downloads/GoogleService-Info.plist"; sourceTree = "<group>"; };
		F94890AF2A181F99006CAE75 /* LoginController.swift */ = {isa = PBXFileReference; lastKnownFileType = sourcecode.swift; path = LoginController.swift; sourceTree = "<group>"; };
		F94A44C22A2576220009419B /* ProductoCollectionCell.swift */ = {isa = PBXFileReference; lastKnownFileType = sourcecode.swift; path = ProductoCollectionCell.swift; sourceTree = "<group>"; };
		F94A44C32A2576220009419B /* ProductoCollectionCell.xib */ = {isa = PBXFileReference; lastKnownFileType = file.xib; path = ProductoCollectionCell.xib; sourceTree = "<group>"; };
		F94C3B9A2A214D53003C87A4 /* CarritoViewModel.swift */ = {isa = PBXFileReference; lastKnownFileType = sourcecode.swift; path = CarritoViewModel.swift; sourceTree = "<group>"; };
		F94C3B9E2A2165E3003C87A4 /* CarritoCell.swift */ = {isa = PBXFileReference; lastKnownFileType = sourcecode.swift; path = CarritoCell.swift; sourceTree = "<group>"; };
		F94C3B9F2A2165E3003C87A4 /* CarritoCell.xib */ = {isa = PBXFileReference; lastKnownFileType = file.xib; path = CarritoCell.xib; sourceTree = "<group>"; };
		F95401432A25075E00E4A476 /* VentaProductos.swift */ = {isa = PBXFileReference; lastKnownFileType = sourcecode.swift; path = VentaProductos.swift; sourceTree = "<group>"; };
		F954014A2A250F0600E4A476 /* CarritoGetAllController.swift */ = {isa = PBXFileReference; lastKnownFileType = sourcecode.swift; path = CarritoGetAllController.swift; sourceTree = "<group>"; };
		F95A52B729FC56A800F8C4B2 /* DBManager.swift */ = {isa = PBXFileReference; lastKnownFileType = sourcecode.swift; path = DBManager.swift; sourceTree = "<group>"; };
		F95A52B929FC56CD00F8C4B2 /* Usuario.swift */ = {isa = PBXFileReference; lastKnownFileType = sourcecode.swift; path = Usuario.swift; sourceTree = "<group>"; };
		F9641C5E2A0D5A3900F20C3C /* RolFormController.swift */ = {isa = PBXFileReference; lastKnownFileType = sourcecode.swift; path = RolFormController.swift; sourceTree = "<group>"; };
		F964D0802A266588002552D2 /* CarritoCell.swift */ = {isa = PBXFileReference; lastKnownFileType = sourcecode.swift; path = CarritoCell.swift; sourceTree = "<group>"; };
		F964D0812A266588002552D2 /* CarritoCell.xib */ = {isa = PBXFileReference; lastKnownFileType = file.xib; path = CarritoCell.xib; sourceTree = "<group>"; };
		F964D0912A268B11002552D2 /* EAguilarEcommerceVentaTests.xctest */ = {isa = PBXFileReference; explicitFileType = wrapper.cfbundle; includeInIndex = 0; path = EAguilarEcommerceVentaTests.xctest; sourceTree = BUILT_PRODUCTS_DIR; };
		F964D0932A268B11002552D2 /* EAguilarEcommerceVentaTests.swift */ = {isa = PBXFileReference; lastKnownFileType = sourcecode.swift; path = EAguilarEcommerceVentaTests.swift; sourceTree = "<group>"; };
		F97032322A04396F001157C5 /* UsuarioViewModel.swift */ = {isa = PBXFileReference; lastKnownFileType = sourcecode.swift; path = UsuarioViewModel.swift; sourceTree = "<group>"; };
		F97767E82A0DB5FA001F6A83 /* iOSDropDown.framework */ = {isa = PBXFileReference; explicitFileType = wrapper.framework; path = iOSDropDown.framework; sourceTree = BUILT_PRODUCTS_DIR; };
		F97899872A03128F001F445F /* GetAllUsuarioController.swift */ = {isa = PBXFileReference; lastKnownFileType = sourcecode.swift; path = GetAllUsuarioController.swift; sourceTree = "<group>"; };
		F97899892A03166D001F445F /* UsuarioCell.swift */ = {isa = PBXFileReference; lastKnownFileType = sourcecode.swift; path = UsuarioCell.swift; sourceTree = "<group>"; };
		F978998A2A03166D001F445F /* UsuarioCell.xib */ = {isa = PBXFileReference; lastKnownFileType = file.xib; path = UsuarioCell.xib; sourceTree = "<group>"; };
		F98206242A1D752600C46BEB /* AreaCell.swift */ = {isa = PBXFileReference; lastKnownFileType = sourcecode.swift; path = AreaCell.swift; sourceTree = "<group>"; };
		F98206252A1D752600C46BEB /* AreaCell.xib */ = {isa = PBXFileReference; lastKnownFileType = file.xib; path = AreaCell.xib; sourceTree = "<group>"; };
		F98206282A1D762200C46BEB /* AreaGetAllController.swift */ = {isa = PBXFileReference; lastKnownFileType = sourcecode.swift; path = AreaGetAllController.swift; sourceTree = "<group>"; };
		F98405022A1E8B96006BF14B /* DepartamentoGetAllController.swift */ = {isa = PBXFileReference; lastKnownFileType = sourcecode.swift; path = DepartamentoGetAllController.swift; sourceTree = "<group>"; };
		F98405042A1EA22A006BF14B /* ProductoCollectionController.swift */ = {isa = PBXFileReference; lastKnownFileType = sourcecode.swift; path = ProductoCollectionController.swift; sourceTree = "<group>"; };
		F98405062A1EA2DC006BF14B /* ProductoCollectionCell.swift */ = {isa = PBXFileReference; lastKnownFileType = sourcecode.swift; path = ProductoCollectionCell.swift; sourceTree = "<group>"; };
		F98405072A1EA2DC006BF14B /* ProductoCollectionCell.xib */ = {isa = PBXFileReference; lastKnownFileType = file.xib; path = ProductoCollectionCell.xib; sourceTree = "<group>"; };
		F98C62D92A1D1F2500C9846C /* RegistroVewController.swift */ = {isa = PBXFileReference; lastKnownFileType = sourcecode.swift; path = RegistroVewController.swift; sourceTree = "<group>"; };
		F99E217129FB24210053A4CC /* EAguilarEcommerce.app */ = {isa = PBXFileReference; explicitFileType = wrapper.application; includeInIndex = 0; path = EAguilarEcommerce.app; sourceTree = BUILT_PRODUCTS_DIR; };
		F99E217429FB24210053A4CC /* AppDelegate.swift */ = {isa = PBXFileReference; lastKnownFileType = sourcecode.swift; path = AppDelegate.swift; sourceTree = "<group>"; };
		F99E217629FB24210053A4CC /* SceneDelegate.swift */ = {isa = PBXFileReference; lastKnownFileType = sourcecode.swift; path = SceneDelegate.swift; sourceTree = "<group>"; };
		F99E217829FB24210053A4CC /* FormController.swift */ = {isa = PBXFileReference; lastKnownFileType = sourcecode.swift; path = FormController.swift; sourceTree = "<group>"; };
		F99E217B29FB24210053A4CC /* Base */ = {isa = PBXFileReference; lastKnownFileType = file.storyboard; name = Base; path = Base.lproj/Main.storyboard; sourceTree = "<group>"; };
		F99E217D29FB24230053A4CC /* Assets.xcassets */ = {isa = PBXFileReference; lastKnownFileType = folder.assetcatalog; path = Assets.xcassets; sourceTree = "<group>"; };
		F99E218029FB24230053A4CC /* Base */ = {isa = PBXFileReference; lastKnownFileType = file.storyboard; name = Base; path = Base.lproj/LaunchScreen.storyboard; sourceTree = "<group>"; };
		F99E218229FB24230053A4CC /* Info.plist */ = {isa = PBXFileReference; lastKnownFileType = text.plist.xml; path = Info.plist; sourceTree = "<group>"; };
		F9A0A33C2A0DB8100048FF15 /* iOSDropDown.framework */ = {isa = PBXFileReference; explicitFileType = wrapper.framework; path = iOSDropDown.framework; sourceTree = BUILT_PRODUCTS_DIR; };
		F9A0A3402A0DB8F90048FF15 /* iOSDropDown.framework */ = {isa = PBXFileReference; explicitFileType = wrapper.framework; path = iOSDropDown.framework; sourceTree = BUILT_PRODUCTS_DIR; };
		F9A6D2282A26C97100D6387E /* EAguilarEcommerceVentaUITests.xctest */ = {isa = PBXFileReference; explicitFileType = wrapper.cfbundle; includeInIndex = 0; path = EAguilarEcommerceVentaUITests.xctest; sourceTree = BUILT_PRODUCTS_DIR; };
		F9A6D22A2A26C97100D6387E /* EAguilarEcommerceVentaUITests.swift */ = {isa = PBXFileReference; lastKnownFileType = sourcecode.swift; path = EAguilarEcommerceVentaUITests.swift; sourceTree = "<group>"; };
		F9A6D22C2A26C97100D6387E /* EAguilarEcommerceVentaUITestsLaunchTests.swift */ = {isa = PBXFileReference; lastKnownFileType = sourcecode.swift; path = EAguilarEcommerceVentaUITestsLaunchTests.swift; sourceTree = "<group>"; };
		F9B0C7932A2111C6007AC53D /* DepartamentoGetAllController.swift */ = {isa = PBXFileReference; lastKnownFileType = sourcecode.swift; path = DepartamentoGetAllController.swift; sourceTree = "<group>"; };
		F9B0C7952A2112A7007AC53D /* ProductoGetAllController.swift */ = {isa = PBXFileReference; lastKnownFileType = sourcecode.swift; path = ProductoGetAllController.swift; sourceTree = "<group>"; };
		F9B0C7972A211383007AC53D /* AreaCell.swift */ = {isa = PBXFileReference; lastKnownFileType = sourcecode.swift; path = AreaCell.swift; sourceTree = "<group>"; };
		F9B0C7982A211383007AC53D /* AreaCell.xib */ = {isa = PBXFileReference; lastKnownFileType = file.xib; path = AreaCell.xib; sourceTree = "<group>"; };
		F9B0C79F2A211B1A007AC53D /* LoginController.swift */ = {isa = PBXFileReference; lastKnownFileType = sourcecode.swift; path = LoginController.swift; sourceTree = "<group>"; };
		F9B0C7A12A211B5C007AC53D /* RegistroVewController.swift */ = {isa = PBXFileReference; lastKnownFileType = sourcecode.swift; path = RegistroVewController.swift; sourceTree = "<group>"; };
		F9B0C7AD2A211E4F007AC53D /* EAguilarEcommerce.xcdatamodel */ = {isa = PBXFileReference; lastKnownFileType = wrapper.xcdatamodel; path = EAguilarEcommerce.xcdatamodel; sourceTree = "<group>"; };
		F9C2809229FC6348002DD699 /* libsqlite3.tbd */ = {isa = PBXFileReference; lastKnownFileType = "sourcecode.text-based-dylib-definition"; name = libsqlite3.tbd; path = usr/lib/libsqlite3.tbd; sourceTree = SDKROOT; };
		F9E07F302A0B08EE0036A638 /* Rol.swift */ = {isa = PBXFileReference; lastKnownFileType = sourcecode.swift; path = Rol.swift; sourceTree = "<group>"; };
		F9E07F322A0B09E40036A638 /* RolCell.swift */ = {isa = PBXFileReference; lastKnownFileType = sourcecode.swift; path = RolCell.swift; sourceTree = "<group>"; };
		F9E07F332A0B09E40036A638 /* RolCell.xib */ = {isa = PBXFileReference; lastKnownFileType = file.xib; path = RolCell.xib; sourceTree = "<group>"; };
		F9E07F362A0B0BD00036A638 /* RolViewModel.swift */ = {isa = PBXFileReference; lastKnownFileType = sourcecode.swift; path = RolViewModel.swift; sourceTree = "<group>"; };
		F9E07F3D2A0B139C0036A638 /* RolGetAllController.swift */ = {isa = PBXFileReference; lastKnownFileType = sourcecode.swift; name = RolGetAllController.swift; path = ../Usuario/RolGetAllController.swift; sourceTree = "<group>"; };
/* End PBXFileReference section */

/* Begin PBXFrameworksBuildPhase section */
		F92B45682A1FF10E0084697F /* Frameworks */ = {
			isa = PBXFrameworksBuildPhase;
			buildActionMask = 2147483647;
			files = (
				F964D08A2A2674A7002552D2 /* FirebaseCrashlytics in Frameworks */,
				F964D08C2A2674A7002552D2 /* FirebaseStorage in Frameworks */,
				369178D1E8B297BE0D796C1F /* Pods_EAguilarEcommerceVenta.framework in Frameworks */,
				F964D0882A2674A7002552D2 /* FirebaseAuth in Frameworks */,
			);
			runOnlyForDeploymentPostprocessing = 0;
		};
		F964D08E2A268B11002552D2 /* Frameworks */ = {
			isa = PBXFrameworksBuildPhase;
			buildActionMask = 2147483647;
			files = (
				F9A6D21F2A268FC600D6387E /* FirebaseAuth in Frameworks */,
				F9A6D2212A268FC600D6387E /* FirebaseCrashlytics in Frameworks */,
				F9A6D2232A268FC600D6387E /* FirebaseStorage in Frameworks */,
			);
			runOnlyForDeploymentPostprocessing = 0;
		};
		F99E216E29FB24210053A4CC /* Frameworks */ = {
			isa = PBXFrameworksBuildPhase;
			buildActionMask = 2147483647;
			files = (
				F92B45642A1FF0220084697F /* FirebaseCrashlytics in Frameworks */,
				F92B45662A1FF0220084697F /* FirebaseStorage in Frameworks */,
				3D97D67909AD83DDA70DD312 /* Pods_EAguilarEcommerce.framework in Frameworks */,
				F92B45622A1FF0220084697F /* FirebaseAuth in Frameworks */,
			);
			runOnlyForDeploymentPostprocessing = 0;
		};
		F9A6D2252A26C97100D6387E /* Frameworks */ = {
			isa = PBXFrameworksBuildPhase;
			buildActionMask = 2147483647;
			files = (
				F9A6D2362A26C99200D6387E /* FirebaseAuth in Frameworks */,
				F9A6D2382A26C99200D6387E /* FirebaseCrashlytics in Frameworks */,
				F9A6D23A2A26C99200D6387E /* FirebaseStorage in Frameworks */,
			);
			runOnlyForDeploymentPostprocessing = 0;
		};
/* End PBXFrameworksBuildPhase section */

/* Begin PBXGroup section */
		1B9291A2A7E282930CEB39CF /* Pods */ = {
			isa = PBXGroup;
			children = (
				1100AE095097015F2F59079A /* Pods-EAguilarEcommerce.debug.xcconfig */,
				D8A21206F6002A1C3C964EAA /* Pods-EAguilarEcommerce.release.xcconfig */,
				17B046B90860A8658B9B5DCF /* Pods-EAguilarEcommerceVenta.debug.xcconfig */,
				CBE2F41B77E89DE4F6E0E800 /* Pods-EAguilarEcommerceVenta.release.xcconfig */,
			);
			path = Pods;
			sourceTree = "<group>";
		};
		F9200F962A153F09007E2FEA /* Producto */ = {
			isa = PBXGroup;
			children = (
				F9200F9F2A15425D007E2FEA /* ProductoGetAllController.swift */,
				F9200FA12A1544E6007E2FEA /* ProductoFormController.swift */,
				F98405042A1EA22A006BF14B /* ProductoCollectionController.swift */,
			);
			path = Producto;
			sourceTree = "<group>";
		};
		F92B456C2A1FF10E0084697F /* EAguilarEcommerceVenta */ = {
			isa = PBXGroup;
			children = (
				F95401422A25073A00E4A476 /* Model */,
				F94C3B992A214D32003C87A4 /* ViewModel */,
				F92B45912A2035110084697F /* Controller */,
				F92B45902A2034E90084697F /* View */,
				F92B458F2A1FF1E70084697F /* EAguilarEcommerceVenta.entitlements */,
				F92B456D2A1FF10E0084697F /* AppDelegate.swift */,
				F92B456F2A1FF10E0084697F /* SceneDelegate.swift */,
				F92B45762A1FF10F0084697F /* Assets.xcassets */,
				F92B45782A1FF10F0084697F /* LaunchScreen.storyboard */,
				F92B457B2A1FF10F0084697F /* Info.plist */,
			);
			path = EAguilarEcommerceVenta;
			sourceTree = "<group>";
		};
		F92B45902A2034E90084697F /* View */ = {
			isa = PBXGroup;
			children = (
				F92B45932A20352C0084697F /* Cell */,
				F92B45732A1FF10E0084697F /* Main.storyboard */,
			);
			path = View;
			sourceTree = "<group>";
		};
		F92B45912A2035110084697F /* Controller */ = {
			isa = PBXGroup;
			children = (
				F95401452A250DA700E4A476 /* Carrito */,
				F92B45992A2036D70084697F /* Usuario */,
				F92B45982A2036D00084697F /* Rol */,
				F92B45972A2036C50084697F /* Producto */,
				F92B45962A2036BC0084697F /* Login */,
				F92B45952A2036B20084697F /* Departamentos */,
				F92B45942A2036A20084697F /* Areas */,
			);
			path = Controller;
			sourceTree = "<group>";
		};
		F92B45932A20352C0084697F /* Cell */ = {
			isa = PBXGroup;
			children = (
				F9B0C7972A211383007AC53D /* AreaCell.swift */,
				F9B0C7982A211383007AC53D /* AreaCell.xib */,
				F94A44C22A2576220009419B /* ProductoCollectionCell.swift */,
				F94A44C32A2576220009419B /* ProductoCollectionCell.xib */,
				F964D0802A266588002552D2 /* CarritoCell.swift */,
				F964D0812A266588002552D2 /* CarritoCell.xib */,
			);
			path = Cell;
			sourceTree = "<group>";
		};
		F92B45942A2036A20084697F /* Areas */ = {
			isa = PBXGroup;
			children = (
				F92B459B2A2037290084697F /* AreaGetAllControllerController.swift */,
			);
			path = Areas;
			sourceTree = "<group>";
		};
		F92B45952A2036B20084697F /* Departamentos */ = {
			isa = PBXGroup;
			children = (
				F9B0C7932A2111C6007AC53D /* DepartamentoGetAllController.swift */,
			);
			path = Departamentos;
			sourceTree = "<group>";
		};
		F92B45962A2036BC0084697F /* Login */ = {
			isa = PBXGroup;
			children = (
				F9B0C79F2A211B1A007AC53D /* LoginController.swift */,
				F9B0C7A12A211B5C007AC53D /* RegistroVewController.swift */,
			);
			path = Login;
			sourceTree = "<group>";
		};
		F92B45972A2036C50084697F /* Producto */ = {
			isa = PBXGroup;
			children = (
				F9B0C7952A2112A7007AC53D /* ProductoGetAllController.swift */,
			);
			path = Producto;
			sourceTree = "<group>";
		};
		F92B45982A2036D00084697F /* Rol */ = {
			isa = PBXGroup;
			children = (
			);
			path = Rol;
			sourceTree = "<group>";
		};
		F92B45992A2036D70084697F /* Usuario */ = {
			isa = PBXGroup;
			children = (
			);
			path = Usuario;
			sourceTree = "<group>";
		};
		F9402E542A04373500F01E95 /* Controller */ = {
			isa = PBXGroup;
			children = (
				F98206212A1D622E00C46BEB /* Areas */,
				F98206122A1D527500C46BEB /* Departamento */,
				F94890AE2A181F7C006CAE75 /* Login */,
				F9200F962A153F09007E2FEA /* Producto */,
				F9E07F3C2A0B10F20036A638 /* Rol */,
				F9402E592A0437D100F01E95 /* Usuario */,
			);
			path = Controller;
			sourceTree = "<group>";
		};
		F9402E552A04374E00F01E95 /* Model */ = {
			isa = PBXGroup;
			children = (
				F95A52B929FC56CD00F8C4B2 /* Usuario.swift */,
				F93FA5002A01DC090058E3AD /* Result.swift */,
				F9E07F302A0B08EE0036A638 /* Rol.swift */,
				F90A28D82A14312700958F7A /* Area.swift */,
				F90A28DA2A14313D00958F7A /* Departamento.swift */,
				F90A28DC2A14315100958F7A /* Proveedor.swift */,
				F90A28DE2A14315E00958F7A /* Producto.swift */,
			);
			path = Model;
			sourceTree = "<group>";
		};
		F9402E562A04376600F01E95 /* View */ = {
			isa = PBXGroup;
			children = (
				F97032342A043AE3001157C5 /* Cell */,
				F99E217A29FB24210053A4CC /* Main.storyboard */,
				F99E217F29FB24230053A4CC /* LaunchScreen.storyboard */,
			);
			path = View;
			sourceTree = "<group>";
		};
		F9402E572A04377500F01E95 /* ViewModel */ = {
			isa = PBXGroup;
			children = (
				F97032322A04396F001157C5 /* UsuarioViewModel.swift */,
				F9E07F362A0B0BD00036A638 /* RolViewModel.swift */,
				F90A28D62A14308D00958F7A /* ProductoViewModel.swift */,
				F90AF5762A1BFDD5005B10D2 /* ProveedorViewModel.swift */,
				F90AF5782A1BFE4A005B10D2 /* DepartamentoViewModel.swift */,
				F90AF57A2A1BFEAD005B10D2 /* AreaViewModel.swift */,
			);
			path = ViewModel;
			sourceTree = "<group>";
		};
		F9402E582A04378600F01E95 /* Util */ = {
			isa = PBXGroup;
			children = (
				F95A52B729FC56A800F8C4B2 /* DBManager.swift */,
			);
			path = Util;
			sourceTree = "<group>";
		};
		F9402E592A0437D100F01E95 /* Usuario */ = {
			isa = PBXGroup;
			children = (
				F97899872A03128F001F445F /* GetAllUsuarioController.swift */,
				F99E217829FB24210053A4CC /* FormController.swift */,
			);
			path = Usuario;
			sourceTree = "<group>";
		};
		F94890AE2A181F7C006CAE75 /* Login */ = {
			isa = PBXGroup;
			children = (
				F94890AF2A181F99006CAE75 /* LoginController.swift */,
				F98C62D92A1D1F2500C9846C /* RegistroVewController.swift */,
			);
			path = Login;
			sourceTree = "<group>";
		};
		F94C3B992A214D32003C87A4 /* ViewModel */ = {
			isa = PBXGroup;
			children = (
				F94C3B9A2A214D53003C87A4 /* CarritoViewModel.swift */,
			);
			path = ViewModel;
			sourceTree = "<group>";
		};
		F95401422A25073A00E4A476 /* Model */ = {
			isa = PBXGroup;
			children = (
				F95401432A25075E00E4A476 /* VentaProductos.swift */,
			);
			path = Model;
			sourceTree = "<group>";
		};
		F95401452A250DA700E4A476 /* Carrito */ = {
			isa = PBXGroup;
			children = (
				F954014A2A250F0600E4A476 /* CarritoGetAllController.swift */,
			);
			path = Carrito;
			sourceTree = "<group>";
		};
		F964D0922A268B11002552D2 /* EAguilarEcommerceVentaTests */ = {
			isa = PBXGroup;
			children = (
				F964D0932A268B11002552D2 /* EAguilarEcommerceVentaTests.swift */,
			);
			path = EAguilarEcommerceVentaTests;
			sourceTree = "<group>";
		};
		F97032342A043AE3001157C5 /* Cell */ = {
			isa = PBXGroup;
			children = (
				F978998A2A03166D001F445F /* UsuarioCell.xib */,
				F97899892A03166D001F445F /* UsuarioCell.swift */,
				F9E07F322A0B09E40036A638 /* RolCell.swift */,
				F9E07F332A0B09E40036A638 /* RolCell.xib */,
				F9200F922A1538A2007E2FEA /* ProductoCell.swift */,
				F9200F932A1538A2007E2FEA /* ProductoCell.xib */,
				F98206242A1D752600C46BEB /* AreaCell.swift */,
				F98206252A1D752600C46BEB /* AreaCell.xib */,
				F98405062A1EA2DC006BF14B /* ProductoCollectionCell.swift */,
				F98405072A1EA2DC006BF14B /* ProductoCollectionCell.xib */,
				F94C3B9E2A2165E3003C87A4 /* CarritoCell.swift */,
				F94C3B9F2A2165E3003C87A4 /* CarritoCell.xib */,
			);
			path = Cell;
			sourceTree = "<group>";
		};
		F98206122A1D527500C46BEB /* Departamento */ = {
			isa = PBXGroup;
			children = (
				F98405022A1E8B96006BF14B /* DepartamentoGetAllController.swift */,
			);
			path = Departamento;
			sourceTree = "<group>";
		};
		F98206212A1D622E00C46BEB /* Areas */ = {
			isa = PBXGroup;
			children = (
				F98206282A1D762200C46BEB /* AreaGetAllController.swift */,
			);
			path = Areas;
			sourceTree = "<group>";
		};
		F99E216829FB24210053A4CC = {
			isa = PBXGroup;
			children = (
				F9B0C7AC2A211E4F007AC53D /* EAguilarEcommerce.xcdatamodeld */,
				F99E217329FB24210053A4CC /* EAguilarEcommerce */,
				F92B456C2A1FF10E0084697F /* EAguilarEcommerceVenta */,
				F964D0922A268B11002552D2 /* EAguilarEcommerceVentaTests */,
				F9A6D2292A26C97100D6387E /* EAguilarEcommerceVentaUITests */,
				F99E217229FB24210053A4CC /* Products */,
				F9C2809129FC6347002DD699 /* Frameworks */,
				1B9291A2A7E282930CEB39CF /* Pods */,
			);
			sourceTree = "<group>";
		};
		F99E217229FB24210053A4CC /* Products */ = {
			isa = PBXGroup;
			children = (
				F99E217129FB24210053A4CC /* EAguilarEcommerce.app */,
				F92B456B2A1FF10E0084697F /* EAguilarEcommerceVenta.app */,
				F964D0912A268B11002552D2 /* EAguilarEcommerceVentaTests.xctest */,
				F9A6D2282A26C97100D6387E /* EAguilarEcommerceVentaUITests.xctest */,
			);
			name = Products;
			sourceTree = "<group>";
		};
		F99E217329FB24210053A4CC /* EAguilarEcommerce */ = {
			isa = PBXGroup;
			children = (
				F92B458E2A1FF1B00084697F /* EAguilarEcommerce.entitlements */,
				F9402E582A04378600F01E95 /* Util */,
				F9402E572A04377500F01E95 /* ViewModel */,
				F9402E562A04376600F01E95 /* View */,
				F9402E552A04374E00F01E95 /* Model */,
				F9402E542A04373500F01E95 /* Controller */,
				F99E217429FB24210053A4CC /* AppDelegate.swift */,
				F99E217629FB24210053A4CC /* SceneDelegate.swift */,
				F99E217D29FB24230053A4CC /* Assets.xcassets */,
				F99E218229FB24230053A4CC /* Info.plist */,
				F948909D2A180CCD006CAE75 /* GoogleService-Info.plist */,
			);
			path = EAguilarEcommerce;
			sourceTree = "<group>";
		};
		F9A6D2292A26C97100D6387E /* EAguilarEcommerceVentaUITests */ = {
			isa = PBXGroup;
			children = (
				F9A6D22A2A26C97100D6387E /* EAguilarEcommerceVentaUITests.swift */,
				F9A6D22C2A26C97100D6387E /* EAguilarEcommerceVentaUITestsLaunchTests.swift */,
			);
			path = EAguilarEcommerceVentaUITests;
			sourceTree = "<group>";
		};
		F9C2809129FC6347002DD699 /* Frameworks */ = {
			isa = PBXGroup;
			children = (
				F9A0A3402A0DB8F90048FF15 /* iOSDropDown.framework */,
				F9A0A33C2A0DB8100048FF15 /* iOSDropDown.framework */,
				F97767E82A0DB5FA001F6A83 /* iOSDropDown.framework */,
				F9C2809229FC6348002DD699 /* libsqlite3.tbd */,
				8C0C519E57185B5B92BCA645 /* Pods_EAguilarEcommerce.framework */,
				2E9EFA98A387A2CA48CF06B3 /* Pods_EAguilarEcommerceVenta.framework */,
			);
			name = Frameworks;
			sourceTree = "<group>";
		};
		F9E07F3C2A0B10F20036A638 /* Rol */ = {
			isa = PBXGroup;
			children = (
				F9641C5E2A0D5A3900F20C3C /* RolFormController.swift */,
				F9E07F3D2A0B139C0036A638 /* RolGetAllController.swift */,
			);
			path = Rol;
			sourceTree = "<group>";
		};
/* End PBXGroup section */

/* Begin PBXNativeTarget section */
		F92B456A2A1FF10E0084697F /* EAguilarEcommerceVenta */ = {
			isa = PBXNativeTarget;
			buildConfigurationList = F92B457C2A1FF10F0084697F /* Build configuration list for PBXNativeTarget "EAguilarEcommerceVenta" */;
			buildPhases = (
				E19FCA99CCCD21A1A1071FCC /* [CP] Check Pods Manifest.lock */,
				F92B45672A1FF10E0084697F /* Sources */,
				F92B45682A1FF10E0084697F /* Frameworks */,
				F92B45692A1FF10E0084697F /* Resources */,
				7075538D9E0AC06B95BE0FB5 /* [CP] Embed Pods Frameworks */,
				F9B54A052A27F417005D0211 /* ShellScript */,
			);
			buildRules = (
			);
			dependencies = (
				F964D0862A26730C002552D2 /* PBXTargetDependency */,
			);
			name = EAguilarEcommerceVenta;
			packageProductDependencies = (
				F964D0872A2674A7002552D2 /* FirebaseAuth */,
				F964D0892A2674A7002552D2 /* FirebaseCrashlytics */,
				F964D08B2A2674A7002552D2 /* FirebaseStorage */,
			);
			productName = EAguilarEcommerceVenta;
			productReference = F92B456B2A1FF10E0084697F /* EAguilarEcommerceVenta.app */;
			productType = "com.apple.product-type.application";
		};
		F964D0902A268B11002552D2 /* EAguilarEcommerceVentaTests */ = {
			isa = PBXNativeTarget;
			buildConfigurationList = F964D0992A268B11002552D2 /* Build configuration list for PBXNativeTarget "EAguilarEcommerceVentaTests" */;
			buildPhases = (
				F964D08D2A268B11002552D2 /* Sources */,
				F964D08E2A268B11002552D2 /* Frameworks */,
				F964D08F2A268B11002552D2 /* Resources */,
			);
			buildRules = (
			);
			dependencies = (
				F964D09B2A268B22002552D2 /* PBXTargetDependency */,
				F964D0962A268B11002552D2 /* PBXTargetDependency */,
			);
			name = EAguilarEcommerceVentaTests;
			packageProductDependencies = (
				F9A6D21E2A268FC600D6387E /* FirebaseAuth */,
				F9A6D2202A268FC600D6387E /* FirebaseCrashlytics */,
				F9A6D2222A268FC600D6387E /* FirebaseStorage */,
			);
			productName = EAguilarEcommerceVentaTests;
			productReference = F964D0912A268B11002552D2 /* EAguilarEcommerceVentaTests.xctest */;
			productType = "com.apple.product-type.bundle.unit-test";
		};
		F99E217029FB24210053A4CC /* EAguilarEcommerce */ = {
			isa = PBXNativeTarget;
			buildConfigurationList = F99E218529FB24230053A4CC /* Build configuration list for PBXNativeTarget "EAguilarEcommerce" */;
			buildPhases = (
				E1ABE3D22451FECB91D6FC06 /* [CP] Check Pods Manifest.lock */,
				F99E216D29FB24210053A4CC /* Sources */,
				F99E216E29FB24210053A4CC /* Frameworks */,
				F99E216F29FB24210053A4CC /* Resources */,
				26DEF6356D9AE7DF9E99602E /* [CP] Embed Pods Frameworks */,
			);
			buildRules = (
			);
			dependencies = (
			);
			name = EAguilarEcommerce;
			packageProductDependencies = (
				F92B45612A1FF0220084697F /* FirebaseAuth */,
				F92B45632A1FF0220084697F /* FirebaseCrashlytics */,
				F92B45652A1FF0220084697F /* FirebaseStorage */,
			);
			productName = EAguilarEcommerce;
			productReference = F99E217129FB24210053A4CC /* EAguilarEcommerce.app */;
			productType = "com.apple.product-type.application";
		};
		F9A6D2272A26C97100D6387E /* EAguilarEcommerceVentaUITests */ = {
			isa = PBXNativeTarget;
			buildConfigurationList = F9A6D2302A26C97100D6387E /* Build configuration list for PBXNativeTarget "EAguilarEcommerceVentaUITests" */;
			buildPhases = (
				F9A6D2242A26C97100D6387E /* Sources */,
				F9A6D2252A26C97100D6387E /* Frameworks */,
				F9A6D2262A26C97100D6387E /* Resources */,
			);
			buildRules = (
			);
			dependencies = (
				F9A6D2342A26C97C00D6387E /* PBXTargetDependency */,
				F9A6D22F2A26C97100D6387E /* PBXTargetDependency */,
			);
			name = EAguilarEcommerceVentaUITests;
			packageProductDependencies = (
				F9A6D2352A26C99200D6387E /* FirebaseAuth */,
				F9A6D2372A26C99200D6387E /* FirebaseCrashlytics */,
				F9A6D2392A26C99200D6387E /* FirebaseStorage */,
			);
			productName = EAguilarEcommerceVentaUITests;
			productReference = F9A6D2282A26C97100D6387E /* EAguilarEcommerceVentaUITests.xctest */;
			productType = "com.apple.product-type.bundle.ui-testing";
		};
/* End PBXNativeTarget section */

/* Begin PBXProject section */
		F99E216929FB24210053A4CC /* Project object */ = {
			isa = PBXProject;
			attributes = {
				BuildIndependentTargetsInParallel = 1;
				LastSwiftUpdateCheck = 1430;
				LastUpgradeCheck = 1430;
				TargetAttributes = {
					F92B456A2A1FF10E0084697F = {
						CreatedOnToolsVersion = 14.3;
					};
					F964D0902A268B11002552D2 = {
						CreatedOnToolsVersion = 14.3;
						TestTargetID = F92B456A2A1FF10E0084697F;
					};
					F99E217029FB24210053A4CC = {
						CreatedOnToolsVersion = 14.3;
					};
					F9A6D2272A26C97100D6387E = {
						CreatedOnToolsVersion = 14.3;
						TestTargetID = F92B456A2A1FF10E0084697F;
					};
				};
			};
			buildConfigurationList = F99E216C29FB24210053A4CC /* Build configuration list for PBXProject "EAguilarEcommerce" */;
			compatibilityVersion = "Xcode 14.0";
			developmentRegion = en;
			hasScannedForEncodings = 0;
			knownRegions = (
				en,
				Base,
			);
			mainGroup = F99E216829FB24210053A4CC;
			packageReferences = (
				F948909F2A181DE9006CAE75 /* XCRemoteSwiftPackageReference "firebase-ios-sdk" */,
			);
			productRefGroup = F99E217229FB24210053A4CC /* Products */;
			projectDirPath = "";
			projectRoot = "";
			targets = (
				F99E217029FB24210053A4CC /* EAguilarEcommerce */,
				F92B456A2A1FF10E0084697F /* EAguilarEcommerceVenta */,
				F964D0902A268B11002552D2 /* EAguilarEcommerceVentaTests */,
				F9A6D2272A26C97100D6387E /* EAguilarEcommerceVentaUITests */,
			);
		};
/* End PBXProject section */

/* Begin PBXResourcesBuildPhase section */
		F92B45692A1FF10E0084697F /* Resources */ = {
			isa = PBXResourcesBuildPhase;
			buildActionMask = 2147483647;
			files = (
				F92B457A2A1FF10F0084697F /* LaunchScreen.storyboard in Resources */,
				F94A44C52A2576220009419B /* ProductoCollectionCell.xib in Resources */,
				F92B45772A1FF10F0084697F /* Assets.xcassets in Resources */,
				F9B0C79A2A211383007AC53D /* AreaCell.xib in Resources */,
				F964D0832A266588002552D2 /* CarritoCell.xib in Resources */,
				F92B45752A1FF10E0084697F /* Main.storyboard in Resources */,
			);
			runOnlyForDeploymentPostprocessing = 0;
		};
		F964D08F2A268B11002552D2 /* Resources */ = {
			isa = PBXResourcesBuildPhase;
			buildActionMask = 2147483647;
			files = (
			);
			runOnlyForDeploymentPostprocessing = 0;
		};
		F99E216F29FB24210053A4CC /* Resources */ = {
			isa = PBXResourcesBuildPhase;
			buildActionMask = 2147483647;
			files = (
				F978998C2A03166D001F445F /* UsuarioCell.xib in Resources */,
				F99E218129FB24230053A4CC /* LaunchScreen.storyboard in Resources */,
				F99E217E29FB24230053A4CC /* Assets.xcassets in Resources */,
				F9E07F352A0B09E40036A638 /* RolCell.xib in Resources */,
				F98405092A1EA2DC006BF14B /* ProductoCollectionCell.xib in Resources */,
				F99E217C29FB24210053A4CC /* Main.storyboard in Resources */,
				F94C3BA12A2165E3003C87A4 /* CarritoCell.xib in Resources */,
				F9200F952A1538A2007E2FEA /* ProductoCell.xib in Resources */,
				F948909E2A180CCD006CAE75 /* GoogleService-Info.plist in Resources */,
				F98206272A1D752600C46BEB /* AreaCell.xib in Resources */,
			);
			runOnlyForDeploymentPostprocessing = 0;
		};
		F9A6D2262A26C97100D6387E /* Resources */ = {
			isa = PBXResourcesBuildPhase;
			buildActionMask = 2147483647;
			files = (
			);
			runOnlyForDeploymentPostprocessing = 0;
		};
/* End PBXResourcesBuildPhase section */

/* Begin PBXShellScriptBuildPhase section */
		26DEF6356D9AE7DF9E99602E /* [CP] Embed Pods Frameworks */ = {
			isa = PBXShellScriptBuildPhase;
			buildActionMask = 2147483647;
			files = (
			);
			inputFileListPaths = (
				"${PODS_ROOT}/Target Support Files/Pods-EAguilarEcommerce/Pods-EAguilarEcommerce-frameworks-${CONFIGURATION}-input-files.xcfilelist",
			);
			name = "[CP] Embed Pods Frameworks";
			outputFileListPaths = (
				"${PODS_ROOT}/Target Support Files/Pods-EAguilarEcommerce/Pods-EAguilarEcommerce-frameworks-${CONFIGURATION}-output-files.xcfilelist",
			);
			runOnlyForDeploymentPostprocessing = 0;
			shellPath = /bin/sh;
			shellScript = "\"${PODS_ROOT}/Target Support Files/Pods-EAguilarEcommerce/Pods-EAguilarEcommerce-frameworks.sh\"\n";
			showEnvVarsInLog = 0;
		};
		7075538D9E0AC06B95BE0FB5 /* [CP] Embed Pods Frameworks */ = {
			isa = PBXShellScriptBuildPhase;
			buildActionMask = 2147483647;
			files = (
			);
			inputFileListPaths = (
				"${PODS_ROOT}/Target Support Files/Pods-EAguilarEcommerceVenta/Pods-EAguilarEcommerceVenta-frameworks-${CONFIGURATION}-input-files.xcfilelist",
			);
			name = "[CP] Embed Pods Frameworks";
			outputFileListPaths = (
				"${PODS_ROOT}/Target Support Files/Pods-EAguilarEcommerceVenta/Pods-EAguilarEcommerceVenta-frameworks-${CONFIGURATION}-output-files.xcfilelist",
			);
			runOnlyForDeploymentPostprocessing = 0;
			shellPath = /bin/sh;
			shellScript = "\"${PODS_ROOT}/Target Support Files/Pods-EAguilarEcommerceVenta/Pods-EAguilarEcommerceVenta-frameworks.sh\"\n";
			showEnvVarsInLog = 0;
		};
		E19FCA99CCCD21A1A1071FCC /* [CP] Check Pods Manifest.lock */ = {
			isa = PBXShellScriptBuildPhase;
			buildActionMask = 2147483647;
			files = (
			);
			inputFileListPaths = (
			);
			inputPaths = (
				"${PODS_PODFILE_DIR_PATH}/Podfile.lock",
				"${PODS_ROOT}/Manifest.lock",
			);
			name = "[CP] Check Pods Manifest.lock";
			outputFileListPaths = (
			);
			outputPaths = (
				"$(DERIVED_FILE_DIR)/Pods-EAguilarEcommerceVenta-checkManifestLockResult.txt",
			);
			runOnlyForDeploymentPostprocessing = 0;
			shellPath = /bin/sh;
			shellScript = "diff \"${PODS_PODFILE_DIR_PATH}/Podfile.lock\" \"${PODS_ROOT}/Manifest.lock\" > /dev/null\nif [ $? != 0 ] ; then\n    # print error to STDERR\n    echo \"error: The sandbox is not in sync with the Podfile.lock. Run 'pod install' or update your CocoaPods installation.\" >&2\n    exit 1\nfi\n# This output is used by Xcode 'outputs' to avoid re-running this script phase.\necho \"SUCCESS\" > \"${SCRIPT_OUTPUT_FILE_0}\"\n";
			showEnvVarsInLog = 0;
		};
		E1ABE3D22451FECB91D6FC06 /* [CP] Check Pods Manifest.lock */ = {
			isa = PBXShellScriptBuildPhase;
			buildActionMask = 2147483647;
			files = (
			);
			inputFileListPaths = (
			);
			inputPaths = (
				"${PODS_PODFILE_DIR_PATH}/Podfile.lock",
				"${PODS_ROOT}/Manifest.lock",
			);
			name = "[CP] Check Pods Manifest.lock";
			outputFileListPaths = (
			);
			outputPaths = (
				"$(DERIVED_FILE_DIR)/Pods-EAguilarEcommerce-checkManifestLockResult.txt",
			);
			runOnlyForDeploymentPostprocessing = 0;
			shellPath = /bin/sh;
			shellScript = "diff \"${PODS_PODFILE_DIR_PATH}/Podfile.lock\" \"${PODS_ROOT}/Manifest.lock\" > /dev/null\nif [ $? != 0 ] ; then\n    # print error to STDERR\n    echo \"error: The sandbox is not in sync with the Podfile.lock. Run 'pod install' or update your CocoaPods installation.\" >&2\n    exit 1\nfi\n# This output is used by Xcode 'outputs' to avoid re-running this script phase.\necho \"SUCCESS\" > \"${SCRIPT_OUTPUT_FILE_0}\"\n";
			showEnvVarsInLog = 0;
		};
		F9B54A052A27F417005D0211 /* ShellScript */ = {
			isa = PBXShellScriptBuildPhase;
			buildActionMask = 2147483647;
			files = (
			);
			inputFileListPaths = (
			);
			inputPaths = (
				"$(SRCROOT)/${DWARF_DSYM_FOLDER_PATH}/${DWARF_DSYM_FILE_NAME}/Contents/Resources/DWARF/${TARGET_NAME}",
				"$(SRCROOT)/$(SRCROOT)/$(BUILT_PRODUCTS_DIR)/$(INFOPLIST_PATH)",
			);
			outputFileListPaths = (
			);
			outputPaths = (
			);
			runOnlyForDeploymentPostprocessing = 0;
			shellPath = /bin/sh;
			shellScript = "# \"${BUILD_DIR%/Build/*}/SourcePackages/checkouts/firebase-ios-sdk/Crashlytics/run\"Type a script or drag a script file from your workspace to insert its path.\n";
		};
/* End PBXShellScriptBuildPhase section */

/* Begin PBXSourcesBuildPhase section */
		F92B45672A1FF10E0084697F /* Sources */ = {
			isa = PBXSourcesBuildPhase;
			buildActionMask = 2147483647;
			files = (
				F964D0842A2670FA002552D2 /* GoogleService-Info.plist in Sources */,
				F964D0822A266588002552D2 /* CarritoCell.swift in Sources */,
				F9B0C7942A2111C6007AC53D /* DepartamentoGetAllController.swift in Sources */,
				F95401442A25075E00E4A476 /* VentaProductos.swift in Sources */,
				F9B0C7AE2A211E4F007AC53D /* EAguilarEcommerce.xcdatamodeld in Sources */,
				F92B457F2A1FF1400084697F /* DBManager.swift in Sources */,
				F92B45802A1FF1400084697F /* UsuarioViewModel.swift in Sources */,
				F94C3B9B2A214D53003C87A4 /* CarritoViewModel.swift in Sources */,
				F92B45812A1FF1400084697F /* RolViewModel.swift in Sources */,
				F94A44C42A2576220009419B /* ProductoCollectionCell.swift in Sources */,
				F9B0C7A22A211B5C007AC53D /* RegistroVewController.swift in Sources */,
				F92B45822A1FF1400084697F /* ProductoViewModel.swift in Sources */,
				F92B45832A1FF1400084697F /* ProveedorViewModel.swift in Sources */,
				F92B45842A1FF1400084697F /* DepartamentoViewModel.swift in Sources */,
				F954014B2A250F0600E4A476 /* CarritoGetAllController.swift in Sources */,
				F92B459C2A2037290084697F /* AreaGetAllControllerController.swift in Sources */,
				F92B45852A1FF1400084697F /* AreaViewModel.swift in Sources */,
				F92B45862A1FF1400084697F /* Usuario.swift in Sources */,
				F9B0C7A02A211B1B007AC53D /* LoginController.swift in Sources */,
				F92B45872A1FF1400084697F /* Result.swift in Sources */,
				F92B45882A1FF1400084697F /* Rol.swift in Sources */,
				F92B45892A1FF1400084697F /* Area.swift in Sources */,
				F9B0C7962A2112A7007AC53D /* ProductoGetAllController.swift in Sources */,
				F9B0C7992A211383007AC53D /* AreaCell.swift in Sources */,
				F92B458A2A1FF1400084697F /* Departamento.swift in Sources */,
				F92B458B2A1FF1400084697F /* Proveedor.swift in Sources */,
				F92B458C2A1FF1400084697F /* Producto.swift in Sources */,
				F92B456E2A1FF10E0084697F /* AppDelegate.swift in Sources */,
				F92B45702A1FF10E0084697F /* SceneDelegate.swift in Sources */,
			);
			runOnlyForDeploymentPostprocessing = 0;
		};
		F964D08D2A268B11002552D2 /* Sources */ = {
			isa = PBXSourcesBuildPhase;
			buildActionMask = 2147483647;
			files = (
				F964D0942A268B11002552D2 /* EAguilarEcommerceVentaTests.swift in Sources */,
			);
			runOnlyForDeploymentPostprocessing = 0;
		};
		F99E216D29FB24210053A4CC /* Sources */ = {
			isa = PBXSourcesBuildPhase;
			buildActionMask = 2147483647;
			files = (
				F9E07F342A0B09E40036A638 /* RolCell.swift in Sources */,
				F93FA5012A01DC090058E3AD /* Result.swift in Sources */,
				F9E07F372A0B0BD00036A638 /* RolViewModel.swift in Sources */,
				F98405032A1E8B96006BF14B /* DepartamentoGetAllController.swift in Sources */,
				F98206262A1D752600C46BEB /* AreaCell.swift in Sources */,
				F99E217929FB24210053A4CC /* FormController.swift in Sources */,
				F90A28D72A14308D00958F7A /* ProductoViewModel.swift in Sources */,
				F90AF57B2A1BFEAD005B10D2 /* AreaViewModel.swift in Sources */,
				F9200F942A1538A2007E2FEA /* ProductoCell.swift in Sources */,
				F97899882A03128F001F445F /* GetAllUsuarioController.swift in Sources */,
				F9641C5F2A0D5A3900F20C3C /* RolFormController.swift in Sources */,
				F9E07F312A0B08EE0036A638 /* Rol.swift in Sources */,
				F94890B02A181F99006CAE75 /* LoginController.swift in Sources */,
				F9200FA22A1544E6007E2FEA /* ProductoFormController.swift in Sources */,
				F90A28DB2A14313D00958F7A /* Departamento.swift in Sources */,
				F9E07F3E2A0B139C0036A638 /* RolGetAllController.swift in Sources */,
				F98C62DA2A1D1F2500C9846C /* RegistroVewController.swift in Sources */,
				F99E217529FB24210053A4CC /* AppDelegate.swift in Sources */,
				F978998B2A03166D001F445F /* UsuarioCell.swift in Sources */,
				F98405082A1EA2DC006BF14B /* ProductoCollectionCell.swift in Sources */,
				F94C3BA02A2165E3003C87A4 /* CarritoCell.swift in Sources */,
				F98206292A1D762200C46BEB /* AreaGetAllController.swift in Sources */,
				F99E217729FB24210053A4CC /* SceneDelegate.swift in Sources */,
				F98405052A1EA22A006BF14B /* ProductoCollectionController.swift in Sources */,
				F97032332A04396F001157C5 /* UsuarioViewModel.swift in Sources */,
				F9200FA02A15425D007E2FEA /* ProductoGetAllController.swift in Sources */,
				F95A52BA29FC56CD00F8C4B2 /* Usuario.swift in Sources */,
				F90AF5792A1BFE4A005B10D2 /* DepartamentoViewModel.swift in Sources */,
				F90A28D92A14312700958F7A /* Area.swift in Sources */,
				F90A28DD2A14315100958F7A /* Proveedor.swift in Sources */,
				F90AF5772A1BFDD5005B10D2 /* ProveedorViewModel.swift in Sources */,
				F90A28DF2A14315E00958F7A /* Producto.swift in Sources */,
				F95A52B829FC56A800F8C4B2 /* DBManager.swift in Sources */,
			);
			runOnlyForDeploymentPostprocessing = 0;
		};
		F9A6D2242A26C97100D6387E /* Sources */ = {
			isa = PBXSourcesBuildPhase;
			buildActionMask = 2147483647;
			files = (
				F9A6D22D2A26C97100D6387E /* EAguilarEcommerceVentaUITestsLaunchTests.swift in Sources */,
				F9A6D22B2A26C97100D6387E /* EAguilarEcommerceVentaUITests.swift in Sources */,
			);
			runOnlyForDeploymentPostprocessing = 0;
		};
/* End PBXSourcesBuildPhase section */

/* Begin PBXTargetDependency section */
		F964D0862A26730C002552D2 /* PBXTargetDependency */ = {
			isa = PBXTargetDependency;
			target = F99E217029FB24210053A4CC /* EAguilarEcommerce */;
			targetProxy = F964D0852A26730C002552D2 /* PBXContainerItemProxy */;
		};
		F964D0962A268B11002552D2 /* PBXTargetDependency */ = {
			isa = PBXTargetDependency;
			target = F92B456A2A1FF10E0084697F /* EAguilarEcommerceVenta */;
			targetProxy = F964D0952A268B11002552D2 /* PBXContainerItemProxy */;
		};
		F964D09B2A268B22002552D2 /* PBXTargetDependency */ = {
			isa = PBXTargetDependency;
			target = F99E217029FB24210053A4CC /* EAguilarEcommerce */;
			targetProxy = F964D09A2A268B22002552D2 /* PBXContainerItemProxy */;
		};
		F9A6D22F2A26C97100D6387E /* PBXTargetDependency */ = {
			isa = PBXTargetDependency;
			target = F92B456A2A1FF10E0084697F /* EAguilarEcommerceVenta */;
			targetProxy = F9A6D22E2A26C97100D6387E /* PBXContainerItemProxy */;
		};
		F9A6D2342A26C97C00D6387E /* PBXTargetDependency */ = {
			isa = PBXTargetDependency;
			target = F99E217029FB24210053A4CC /* EAguilarEcommerce */;
			targetProxy = F9A6D2332A26C97C00D6387E /* PBXContainerItemProxy */;
		};
/* End PBXTargetDependency section */

/* Begin PBXVariantGroup section */
		F92B45732A1FF10E0084697F /* Main.storyboard */ = {
			isa = PBXVariantGroup;
			children = (
				F92B45742A1FF10E0084697F /* Base */,
			);
			name = Main.storyboard;
			sourceTree = "<group>";
		};
		F92B45782A1FF10F0084697F /* LaunchScreen.storyboard */ = {
			isa = PBXVariantGroup;
			children = (
				F92B45792A1FF10F0084697F /* Base */,
			);
			name = LaunchScreen.storyboard;
			sourceTree = "<group>";
		};
		F99E217A29FB24210053A4CC /* Main.storyboard */ = {
			isa = PBXVariantGroup;
			children = (
				F99E217B29FB24210053A4CC /* Base */,
			);
			name = Main.storyboard;
			sourceTree = "<group>";
		};
		F99E217F29FB24230053A4CC /* LaunchScreen.storyboard */ = {
			isa = PBXVariantGroup;
			children = (
				F99E218029FB24230053A4CC /* Base */,
			);
			name = LaunchScreen.storyboard;
			sourceTree = "<group>";
		};
/* End PBXVariantGroup section */

/* Begin XCBuildConfiguration section */
		F92B457D2A1FF10F0084697F /* Debug */ = {
			isa = XCBuildConfiguration;
			baseConfigurationReference = 17B046B90860A8658B9B5DCF /* Pods-EAguilarEcommerceVenta.debug.xcconfig */;
			buildSettings = {
				ASSETCATALOG_COMPILER_APPICON_NAME = AppIcon;
				ASSETCATALOG_COMPILER_GLOBAL_ACCENT_COLOR_NAME = AccentColor;
				CODE_SIGN_ENTITLEMENTS = EAguilarEcommerceVenta/EAguilarEcommerceVenta.entitlements;
				CODE_SIGN_STYLE = Automatic;
				CURRENT_PROJECT_VERSION = 1;
				DEBUG_INFORMATION_FORMAT = "dwarf-with-dsym";
				DEVELOPMENT_TEAM = 8DR5PWA9VP;
				GENERATE_INFOPLIST_FILE = YES;
				INFOPLIST_FILE = EAguilarEcommerceVenta/Info.plist;
				INFOPLIST_KEY_UIApplicationSupportsIndirectInputEvents = YES;
				INFOPLIST_KEY_UILaunchStoryboardName = LaunchScreen;
				INFOPLIST_KEY_UIMainStoryboardFile = Main;
				INFOPLIST_KEY_UISupportedInterfaceOrientations_iPad = "UIInterfaceOrientationPortrait UIInterfaceOrientationPortraitUpsideDown UIInterfaceOrientationLandscapeLeft UIInterfaceOrientationLandscapeRight";
				INFOPLIST_KEY_UISupportedInterfaceOrientations_iPhone = "UIInterfaceOrientationPortrait UIInterfaceOrientationLandscapeLeft UIInterfaceOrientationLandscapeRight";
				LD_RUNPATH_SEARCH_PATHS = (
					"$(inherited)",
					"@executable_path/Frameworks",
				);
				MARKETING_VERSION = 1.0;
				PRODUCT_BUNDLE_IDENTIFIER = com.digis.EAguilarEcommerceVenta;
				PRODUCT_NAME = "$(TARGET_NAME)";
				SWIFT_EMIT_LOC_STRINGS = YES;
				SWIFT_VERSION = 5.0;
				TARGETED_DEVICE_FAMILY = "1,2";
			};
			name = Debug;
		};
		F92B457E2A1FF10F0084697F /* Release */ = {
			isa = XCBuildConfiguration;
			baseConfigurationReference = CBE2F41B77E89DE4F6E0E800 /* Pods-EAguilarEcommerceVenta.release.xcconfig */;
			buildSettings = {
				ASSETCATALOG_COMPILER_APPICON_NAME = AppIcon;
				ASSETCATALOG_COMPILER_GLOBAL_ACCENT_COLOR_NAME = AccentColor;
				CODE_SIGN_ENTITLEMENTS = EAguilarEcommerceVenta/EAguilarEcommerceVenta.entitlements;
				CODE_SIGN_STYLE = Automatic;
				CURRENT_PROJECT_VERSION = 1;
				DEBUG_INFORMATION_FORMAT = "dwarf-with-dsym";
				DEVELOPMENT_TEAM = 8DR5PWA9VP;
				GENERATE_INFOPLIST_FILE = YES;
				INFOPLIST_FILE = EAguilarEcommerceVenta/Info.plist;
				INFOPLIST_KEY_UIApplicationSupportsIndirectInputEvents = YES;
				INFOPLIST_KEY_UILaunchStoryboardName = LaunchScreen;
				INFOPLIST_KEY_UIMainStoryboardFile = Main;
				INFOPLIST_KEY_UISupportedInterfaceOrientations_iPad = "UIInterfaceOrientationPortrait UIInterfaceOrientationPortraitUpsideDown UIInterfaceOrientationLandscapeLeft UIInterfaceOrientationLandscapeRight";
				INFOPLIST_KEY_UISupportedInterfaceOrientations_iPhone = "UIInterfaceOrientationPortrait UIInterfaceOrientationLandscapeLeft UIInterfaceOrientationLandscapeRight";
				LD_RUNPATH_SEARCH_PATHS = (
					"$(inherited)",
					"@executable_path/Frameworks",
				);
				MARKETING_VERSION = 1.0;
				PRODUCT_BUNDLE_IDENTIFIER = com.digis.EAguilarEcommerceVenta;
				PRODUCT_NAME = "$(TARGET_NAME)";
				SWIFT_EMIT_LOC_STRINGS = YES;
				SWIFT_VERSION = 5.0;
				TARGETED_DEVICE_FAMILY = "1,2";
			};
			name = Release;
		};
		F964D0972A268B11002552D2 /* Debug */ = {
			isa = XCBuildConfiguration;
			buildSettings = {
				BUNDLE_LOADER = "$(TEST_HOST)";
				CODE_SIGN_STYLE = Automatic;
				CURRENT_PROJECT_VERSION = 1;
				DEVELOPMENT_TEAM = 8DR5PWA9VP;
				GENERATE_INFOPLIST_FILE = YES;
				MARKETING_VERSION = 1.0;
				PRODUCT_BUNDLE_IDENTIFIER = com.digis.EAguilarEcommerceVentaTests;
				PRODUCT_NAME = "$(TARGET_NAME)";
				SWIFT_EMIT_LOC_STRINGS = NO;
				SWIFT_VERSION = 5.0;
				TARGETED_DEVICE_FAMILY = "1,2";
				TEST_HOST = "$(BUILT_PRODUCTS_DIR)/EAguilarEcommerceVenta.app/$(BUNDLE_EXECUTABLE_FOLDER_PATH)/EAguilarEcommerceVenta";
			};
			name = Debug;
		};
		F964D0982A268B11002552D2 /* Release */ = {
			isa = XCBuildConfiguration;
			buildSettings = {
				BUNDLE_LOADER = "$(TEST_HOST)";
				CODE_SIGN_STYLE = Automatic;
				CURRENT_PROJECT_VERSION = 1;
				DEVELOPMENT_TEAM = 8DR5PWA9VP;
				GENERATE_INFOPLIST_FILE = YES;
				MARKETING_VERSION = 1.0;
				PRODUCT_BUNDLE_IDENTIFIER = com.digis.EAguilarEcommerceVentaTests;
				PRODUCT_NAME = "$(TARGET_NAME)";
				SWIFT_EMIT_LOC_STRINGS = NO;
				SWIFT_VERSION = 5.0;
				TARGETED_DEVICE_FAMILY = "1,2";
				TEST_HOST = "$(BUILT_PRODUCTS_DIR)/EAguilarEcommerceVenta.app/$(BUNDLE_EXECUTABLE_FOLDER_PATH)/EAguilarEcommerceVenta";
			};
			name = Release;
		};
		F99E218329FB24230053A4CC /* Debug */ = {
			isa = XCBuildConfiguration;
			buildSettings = {
				ALWAYS_SEARCH_USER_PATHS = NO;
				CLANG_ANALYZER_NONNULL = YES;
				CLANG_ANALYZER_NUMBER_OBJECT_CONVERSION = YES_AGGRESSIVE;
				CLANG_CXX_LANGUAGE_STANDARD = "gnu++20";
				CLANG_ENABLE_MODULES = YES;
				CLANG_ENABLE_OBJC_ARC = YES;
				CLANG_ENABLE_OBJC_WEAK = YES;
				CLANG_WARN_BLOCK_CAPTURE_AUTORELEASING = YES;
				CLANG_WARN_BOOL_CONVERSION = YES;
				CLANG_WARN_COMMA = YES;
				CLANG_WARN_CONSTANT_CONVERSION = YES;
				CLANG_WARN_DEPRECATED_OBJC_IMPLEMENTATIONS = YES;
				CLANG_WARN_DIRECT_OBJC_ISA_USAGE = YES_ERROR;
				CLANG_WARN_DOCUMENTATION_COMMENTS = YES;
				CLANG_WARN_EMPTY_BODY = YES;
				CLANG_WARN_ENUM_CONVERSION = YES;
				CLANG_WARN_INFINITE_RECURSION = YES;
				CLANG_WARN_INT_CONVERSION = YES;
				CLANG_WARN_NON_LITERAL_NULL_CONVERSION = YES;
				CLANG_WARN_OBJC_IMPLICIT_RETAIN_SELF = YES;
				CLANG_WARN_OBJC_LITERAL_CONVERSION = YES;
				CLANG_WARN_OBJC_ROOT_CLASS = YES_ERROR;
				CLANG_WARN_QUOTED_INCLUDE_IN_FRAMEWORK_HEADER = YES;
				CLANG_WARN_RANGE_LOOP_ANALYSIS = YES;
				CLANG_WARN_STRICT_PROTOTYPES = YES;
				CLANG_WARN_SUSPICIOUS_MOVE = YES;
				CLANG_WARN_UNGUARDED_AVAILABILITY = YES_AGGRESSIVE;
				CLANG_WARN_UNREACHABLE_CODE = YES;
				CLANG_WARN__DUPLICATE_METHOD_MATCH = YES;
				COPY_PHASE_STRIP = NO;
				DEBUG_INFORMATION_FORMAT = dwarf;
				ENABLE_STRICT_OBJC_MSGSEND = YES;
				ENABLE_TESTABILITY = YES;
				GCC_C_LANGUAGE_STANDARD = gnu11;
				GCC_DYNAMIC_NO_PIC = NO;
				GCC_NO_COMMON_BLOCKS = YES;
				GCC_OPTIMIZATION_LEVEL = 0;
				GCC_PREPROCESSOR_DEFINITIONS = (
					"DEBUG=1",
					"$(inherited)",
				);
				GCC_WARN_64_TO_32_BIT_CONVERSION = YES;
				GCC_WARN_ABOUT_RETURN_TYPE = YES_ERROR;
				GCC_WARN_UNDECLARED_SELECTOR = YES;
				GCC_WARN_UNINITIALIZED_AUTOS = YES_AGGRESSIVE;
				GCC_WARN_UNUSED_FUNCTION = YES;
				GCC_WARN_UNUSED_VARIABLE = YES;
				IPHONEOS_DEPLOYMENT_TARGET = 16.4;
				MTL_ENABLE_DEBUG_INFO = INCLUDE_SOURCE;
				MTL_FAST_MATH = YES;
				ONLY_ACTIVE_ARCH = YES;
				SDKROOT = iphoneos;
				SWIFT_ACTIVE_COMPILATION_CONDITIONS = DEBUG;
				SWIFT_OPTIMIZATION_LEVEL = "-Onone";
			};
			name = Debug;
		};
		F99E218429FB24230053A4CC /* Release */ = {
			isa = XCBuildConfiguration;
			buildSettings = {
				ALWAYS_SEARCH_USER_PATHS = NO;
				CLANG_ANALYZER_NONNULL = YES;
				CLANG_ANALYZER_NUMBER_OBJECT_CONVERSION = YES_AGGRESSIVE;
				CLANG_CXX_LANGUAGE_STANDARD = "gnu++20";
				CLANG_ENABLE_MODULES = YES;
				CLANG_ENABLE_OBJC_ARC = YES;
				CLANG_ENABLE_OBJC_WEAK = YES;
				CLANG_WARN_BLOCK_CAPTURE_AUTORELEASING = YES;
				CLANG_WARN_BOOL_CONVERSION = YES;
				CLANG_WARN_COMMA = YES;
				CLANG_WARN_CONSTANT_CONVERSION = YES;
				CLANG_WARN_DEPRECATED_OBJC_IMPLEMENTATIONS = YES;
				CLANG_WARN_DIRECT_OBJC_ISA_USAGE = YES_ERROR;
				CLANG_WARN_DOCUMENTATION_COMMENTS = YES;
				CLANG_WARN_EMPTY_BODY = YES;
				CLANG_WARN_ENUM_CONVERSION = YES;
				CLANG_WARN_INFINITE_RECURSION = YES;
				CLANG_WARN_INT_CONVERSION = YES;
				CLANG_WARN_NON_LITERAL_NULL_CONVERSION = YES;
				CLANG_WARN_OBJC_IMPLICIT_RETAIN_SELF = YES;
				CLANG_WARN_OBJC_LITERAL_CONVERSION = YES;
				CLANG_WARN_OBJC_ROOT_CLASS = YES_ERROR;
				CLANG_WARN_QUOTED_INCLUDE_IN_FRAMEWORK_HEADER = YES;
				CLANG_WARN_RANGE_LOOP_ANALYSIS = YES;
				CLANG_WARN_STRICT_PROTOTYPES = YES;
				CLANG_WARN_SUSPICIOUS_MOVE = YES;
				CLANG_WARN_UNGUARDED_AVAILABILITY = YES_AGGRESSIVE;
				CLANG_WARN_UNREACHABLE_CODE = YES;
				CLANG_WARN__DUPLICATE_METHOD_MATCH = YES;
				COPY_PHASE_STRIP = NO;
				DEBUG_INFORMATION_FORMAT = "dwarf-with-dsym";
				ENABLE_NS_ASSERTIONS = NO;
				ENABLE_STRICT_OBJC_MSGSEND = YES;
				GCC_C_LANGUAGE_STANDARD = gnu11;
				GCC_NO_COMMON_BLOCKS = YES;
				GCC_WARN_64_TO_32_BIT_CONVERSION = YES;
				GCC_WARN_ABOUT_RETURN_TYPE = YES_ERROR;
				GCC_WARN_UNDECLARED_SELECTOR = YES;
				GCC_WARN_UNINITIALIZED_AUTOS = YES_AGGRESSIVE;
				GCC_WARN_UNUSED_FUNCTION = YES;
				GCC_WARN_UNUSED_VARIABLE = YES;
				IPHONEOS_DEPLOYMENT_TARGET = 16.4;
				MTL_ENABLE_DEBUG_INFO = NO;
				MTL_FAST_MATH = YES;
				SDKROOT = iphoneos;
				SWIFT_COMPILATION_MODE = wholemodule;
				SWIFT_OPTIMIZATION_LEVEL = "-O";
				VALIDATE_PRODUCT = YES;
			};
			name = Release;
		};
		F99E218629FB24230053A4CC /* Debug */ = {
			isa = XCBuildConfiguration;
			baseConfigurationReference = 1100AE095097015F2F59079A /* Pods-EAguilarEcommerce.debug.xcconfig */;
			buildSettings = {
				ASSETCATALOG_COMPILER_APPICON_NAME = AppIcon;
				ASSETCATALOG_COMPILER_GLOBAL_ACCENT_COLOR_NAME = AccentColor;
				CODE_SIGN_ENTITLEMENTS = EAguilarEcommerce/EAguilarEcommerce.entitlements;
				CODE_SIGN_STYLE = Automatic;
				CURRENT_PROJECT_VERSION = 1;
				DEVELOPMENT_TEAM = 8DR5PWA9VP;
				GENERATE_INFOPLIST_FILE = YES;
				INFOPLIST_FILE = EAguilarEcommerce/Info.plist;
				INFOPLIST_KEY_UIApplicationSupportsIndirectInputEvents = YES;
				INFOPLIST_KEY_UILaunchStoryboardName = LaunchScreen;
				INFOPLIST_KEY_UIMainStoryboardFile = Main;
				INFOPLIST_KEY_UISupportedInterfaceOrientations_iPad = "UIInterfaceOrientationPortrait UIInterfaceOrientationPortraitUpsideDown UIInterfaceOrientationLandscapeLeft UIInterfaceOrientationLandscapeRight";
				INFOPLIST_KEY_UISupportedInterfaceOrientations_iPhone = "UIInterfaceOrientationPortrait UIInterfaceOrientationLandscapeLeft UIInterfaceOrientationLandscapeRight";
				LD_RUNPATH_SEARCH_PATHS = (
					"$(inherited)",
					"@executable_path/Frameworks",
				);
				MARKETING_VERSION = 1.0;
				PRODUCT_BUNDLE_IDENTIFIER = com.digis.EAguilarEcommerce;
				PRODUCT_NAME = "$(TARGET_NAME)";
				SWIFT_EMIT_LOC_STRINGS = YES;
				SWIFT_OBJC_BRIDGING_HEADER = "";
				SWIFT_VERSION = 5.0;
				TARGETED_DEVICE_FAMILY = "1,2";
			};
			name = Debug;
		};
		F99E218729FB24230053A4CC /* Release */ = {
			isa = XCBuildConfiguration;
			baseConfigurationReference = D8A21206F6002A1C3C964EAA /* Pods-EAguilarEcommerce.release.xcconfig */;
			buildSettings = {
				ASSETCATALOG_COMPILER_APPICON_NAME = AppIcon;
				ASSETCATALOG_COMPILER_GLOBAL_ACCENT_COLOR_NAME = AccentColor;
				CODE_SIGN_ENTITLEMENTS = EAguilarEcommerce/EAguilarEcommerce.entitlements;
				CODE_SIGN_STYLE = Automatic;
				CURRENT_PROJECT_VERSION = 1;
				DEVELOPMENT_TEAM = 8DR5PWA9VP;
				GENERATE_INFOPLIST_FILE = YES;
				INFOPLIST_FILE = EAguilarEcommerce/Info.plist;
				INFOPLIST_KEY_UIApplicationSupportsIndirectInputEvents = YES;
				INFOPLIST_KEY_UILaunchStoryboardName = LaunchScreen;
				INFOPLIST_KEY_UIMainStoryboardFile = Main;
				INFOPLIST_KEY_UISupportedInterfaceOrientations_iPad = "UIInterfaceOrientationPortrait UIInterfaceOrientationPortraitUpsideDown UIInterfaceOrientationLandscapeLeft UIInterfaceOrientationLandscapeRight";
				INFOPLIST_KEY_UISupportedInterfaceOrientations_iPhone = "UIInterfaceOrientationPortrait UIInterfaceOrientationLandscapeLeft UIInterfaceOrientationLandscapeRight";
				LD_RUNPATH_SEARCH_PATHS = (
					"$(inherited)",
					"@executable_path/Frameworks",
				);
				MARKETING_VERSION = 1.0;
				PRODUCT_BUNDLE_IDENTIFIER = com.digis.EAguilarEcommerce;
				PRODUCT_NAME = "$(TARGET_NAME)";
				SWIFT_EMIT_LOC_STRINGS = YES;
				SWIFT_OBJC_BRIDGING_HEADER = "";
				SWIFT_VERSION = 5.0;
				TARGETED_DEVICE_FAMILY = "1,2";
			};
			name = Release;
		};
		F9A6D2312A26C97100D6387E /* Debug */ = {
			isa = XCBuildConfiguration;
			buildSettings = {
				CODE_SIGN_STYLE = Automatic;
				CURRENT_PROJECT_VERSION = 1;
				DEVELOPMENT_TEAM = 8DR5PWA9VP;
				GENERATE_INFOPLIST_FILE = YES;
				MARKETING_VERSION = 1.0;
				PRODUCT_BUNDLE_IDENTIFIER = com.digis.EAguilarEcommerceVentaUITests;
				PRODUCT_NAME = "$(TARGET_NAME)";
				SWIFT_EMIT_LOC_STRINGS = NO;
				SWIFT_VERSION = 5.0;
				TARGETED_DEVICE_FAMILY = "1,2";
				TEST_TARGET_NAME = EAguilarEcommerceVenta;
			};
			name = Debug;
		};
		F9A6D2322A26C97100D6387E /* Release */ = {
			isa = XCBuildConfiguration;
			buildSettings = {
				CODE_SIGN_STYLE = Automatic;
				CURRENT_PROJECT_VERSION = 1;
				DEVELOPMENT_TEAM = 8DR5PWA9VP;
				GENERATE_INFOPLIST_FILE = YES;
				MARKETING_VERSION = 1.0;
				PRODUCT_BUNDLE_IDENTIFIER = com.digis.EAguilarEcommerceVentaUITests;
				PRODUCT_NAME = "$(TARGET_NAME)";
				SWIFT_EMIT_LOC_STRINGS = NO;
				SWIFT_VERSION = 5.0;
				TARGETED_DEVICE_FAMILY = "1,2";
				TEST_TARGET_NAME = EAguilarEcommerceVenta;
			};
			name = Release;
		};
/* End XCBuildConfiguration section */

/* Begin XCConfigurationList section */
		F92B457C2A1FF10F0084697F /* Build configuration list for PBXNativeTarget "EAguilarEcommerceVenta" */ = {
			isa = XCConfigurationList;
			buildConfigurations = (
				F92B457D2A1FF10F0084697F /* Debug */,
				F92B457E2A1FF10F0084697F /* Release */,
			);
			defaultConfigurationIsVisible = 0;
			defaultConfigurationName = Release;
		};
		F964D0992A268B11002552D2 /* Build configuration list for PBXNativeTarget "EAguilarEcommerceVentaTests" */ = {
			isa = XCConfigurationList;
			buildConfigurations = (
				F964D0972A268B11002552D2 /* Debug */,
				F964D0982A268B11002552D2 /* Release */,
			);
			defaultConfigurationIsVisible = 0;
			defaultConfigurationName = Release;
		};
		F99E216C29FB24210053A4CC /* Build configuration list for PBXProject "EAguilarEcommerce" */ = {
			isa = XCConfigurationList;
			buildConfigurations = (
				F99E218329FB24230053A4CC /* Debug */,
				F99E218429FB24230053A4CC /* Release */,
			);
			defaultConfigurationIsVisible = 0;
			defaultConfigurationName = Release;
		};
		F99E218529FB24230053A4CC /* Build configuration list for PBXNativeTarget "EAguilarEcommerce" */ = {
			isa = XCConfigurationList;
			buildConfigurations = (
				F99E218629FB24230053A4CC /* Debug */,
				F99E218729FB24230053A4CC /* Release */,
			);
			defaultConfigurationIsVisible = 0;
			defaultConfigurationName = Release;
		};
		F9A6D2302A26C97100D6387E /* Build configuration list for PBXNativeTarget "EAguilarEcommerceVentaUITests" */ = {
			isa = XCConfigurationList;
			buildConfigurations = (
				F9A6D2312A26C97100D6387E /* Debug */,
				F9A6D2322A26C97100D6387E /* Release */,
			);
			defaultConfigurationIsVisible = 0;
			defaultConfigurationName = Release;
		};
/* End XCConfigurationList section */

/* Begin XCRemoteSwiftPackageReference section */
		F948909F2A181DE9006CAE75 /* XCRemoteSwiftPackageReference "firebase-ios-sdk" */ = {
			isa = XCRemoteSwiftPackageReference;
			repositoryURL = "https://github.com/firebase/firebase-ios-sdk";
			requirement = {
				kind = upToNextMajorVersion;
				minimumVersion = 10.0.0;
			};
		};
/* End XCRemoteSwiftPackageReference section */

/* Begin XCSwiftPackageProductDependency section */
		F92B45612A1FF0220084697F /* FirebaseAuth */ = {
			isa = XCSwiftPackageProductDependency;
			package = F948909F2A181DE9006CAE75 /* XCRemoteSwiftPackageReference "firebase-ios-sdk" */;
			productName = FirebaseAuth;
		};
		F92B45632A1FF0220084697F /* FirebaseCrashlytics */ = {
			isa = XCSwiftPackageProductDependency;
			package = F948909F2A181DE9006CAE75 /* XCRemoteSwiftPackageReference "firebase-ios-sdk" */;
			productName = FirebaseCrashlytics;
		};
		F92B45652A1FF0220084697F /* FirebaseStorage */ = {
			isa = XCSwiftPackageProductDependency;
			package = F948909F2A181DE9006CAE75 /* XCRemoteSwiftPackageReference "firebase-ios-sdk" */;
			productName = FirebaseStorage;
		};
		F964D0872A2674A7002552D2 /* FirebaseAuth */ = {
			isa = XCSwiftPackageProductDependency;
			package = F948909F2A181DE9006CAE75 /* XCRemoteSwiftPackageReference "firebase-ios-sdk" */;
			productName = FirebaseAuth;
		};
		F964D0892A2674A7002552D2 /* FirebaseCrashlytics */ = {
			isa = XCSwiftPackageProductDependency;
			package = F948909F2A181DE9006CAE75 /* XCRemoteSwiftPackageReference "firebase-ios-sdk" */;
			productName = FirebaseCrashlytics;
		};
		F964D08B2A2674A7002552D2 /* FirebaseStorage */ = {
			isa = XCSwiftPackageProductDependency;
			package = F948909F2A181DE9006CAE75 /* XCRemoteSwiftPackageReference "firebase-ios-sdk" */;
			productName = FirebaseStorage;
		};
		F9A6D21E2A268FC600D6387E /* FirebaseAuth */ = {
			isa = XCSwiftPackageProductDependency;
			package = F948909F2A181DE9006CAE75 /* XCRemoteSwiftPackageReference "firebase-ios-sdk" */;
			productName = FirebaseAuth;
		};
		F9A6D2202A268FC600D6387E /* FirebaseCrashlytics */ = {
			isa = XCSwiftPackageProductDependency;
			package = F948909F2A181DE9006CAE75 /* XCRemoteSwiftPackageReference "firebase-ios-sdk" */;
			productName = FirebaseCrashlytics;
		};
		F9A6D2222A268FC600D6387E /* FirebaseStorage */ = {
			isa = XCSwiftPackageProductDependency;
			package = F948909F2A181DE9006CAE75 /* XCRemoteSwiftPackageReference "firebase-ios-sdk" */;
			productName = FirebaseStorage;
		};
		F9A6D2352A26C99200D6387E /* FirebaseAuth */ = {
			isa = XCSwiftPackageProductDependency;
			package = F948909F2A181DE9006CAE75 /* XCRemoteSwiftPackageReference "firebase-ios-sdk" */;
			productName = FirebaseAuth;
		};
		F9A6D2372A26C99200D6387E /* FirebaseCrashlytics */ = {
			isa = XCSwiftPackageProductDependency;
			package = F948909F2A181DE9006CAE75 /* XCRemoteSwiftPackageReference "firebase-ios-sdk" */;
			productName = FirebaseCrashlytics;
		};
		F9A6D2392A26C99200D6387E /* FirebaseStorage */ = {
			isa = XCSwiftPackageProductDependency;
			package = F948909F2A181DE9006CAE75 /* XCRemoteSwiftPackageReference "firebase-ios-sdk" */;
			productName = FirebaseStorage;
		};
/* End XCSwiftPackageProductDependency section */

/* Begin XCVersionGroup section */
		F9B0C7AC2A211E4F007AC53D /* EAguilarEcommerce.xcdatamodeld */ = {
			isa = XCVersionGroup;
			children = (
				F9B0C7AD2A211E4F007AC53D /* EAguilarEcommerce.xcdatamodel */,
			);
			currentVersion = F9B0C7AD2A211E4F007AC53D /* EAguilarEcommerce.xcdatamodel */;
			path = EAguilarEcommerce.xcdatamodeld;
			sourceTree = "<group>";
			versionGroupType = wrapper.xcdatamodel;
		};
/* End XCVersionGroup section */
	};
	rootObject = F99E216929FB24210053A4CC /* Project object */;
}
